// !$*UTF8*$!
{
	archiveVersion = 1;
	classes = {
	};
	objectVersion = 50;
	objects = {

/* Begin PBXBuildFile section */
		7984FE92D890893C34B52BBB /* Pods_timerset_ios.framework in Frameworks */ = {isa = PBXBuildFile; fileRef = 8BC0D17B96CD0ADB0586538A /* Pods_timerset_ios.framework */; };
		F303F25F225CC5A100A11FAF /* NanumSquareRoundEB.ttf in Resources */ = {isa = PBXBuildFile; fileRef = F303F25B225CC5A100A11FAF /* NanumSquareRoundEB.ttf */; };
		F303F260225CC5A100A11FAF /* NanumSquareRoundL.ttf in Resources */ = {isa = PBXBuildFile; fileRef = F303F25C225CC5A100A11FAF /* NanumSquareRoundL.ttf */; };
		F303F261225CC5A100A11FAF /* NanumSquareRoundR.ttf in Resources */ = {isa = PBXBuildFile; fileRef = F303F25D225CC5A100A11FAF /* NanumSquareRoundR.ttf */; };
		F303F262225CC5A100A11FAF /* NanumSquareRoundB.ttf in Resources */ = {isa = PBXBuildFile; fileRef = F303F25E225CC5A100A11FAF /* NanumSquareRoundB.ttf */; };
		F303F265225CC71700A11FAF /* laboratory.storyboard in Resources */ = {isa = PBXBuildFile; fileRef = F303F264225CC71700A11FAF /* laboratory.storyboard */; };
		F303F267225CC9E900A11FAF /* RootViewController.swift in Sources */ = {isa = PBXBuildFile; fileRef = F303F266225CC9E900A11FAF /* RootViewController.swift */; };
		F303F269225CCA0500A11FAF /* RootViewCoordinator.swift in Sources */ = {isa = PBXBuildFile; fileRef = F303F268225CCA0500A11FAF /* RootViewCoordinator.swift */; };
		F303F26B225CCADB00A11FAF /* TimerSetViewController.swift in Sources */ = {isa = PBXBuildFile; fileRef = F303F26A225CCADB00A11FAF /* TimerSetViewController.swift */; };
		F303F26D225CCAE400A11FAF /* TimerSetViewReactor.swift in Sources */ = {isa = PBXBuildFile; fileRef = F303F26C225CCAE400A11FAF /* TimerSetViewReactor.swift */; };
		F303F26F225CCAF500A11FAF /* TimerSetView.swift in Sources */ = {isa = PBXBuildFile; fileRef = F303F26E225CCAF500A11FAF /* TimerSetView.swift */; };
		F303F271225CCB6A00A11FAF /* TimerSetViewCoordinator.swift in Sources */ = {isa = PBXBuildFile; fileRef = F303F270225CCB6A00A11FAF /* TimerSetViewCoordinator.swift */; };
		F303F273225CCB7500A11FAF /* SettingViewCoordinator.swift in Sources */ = {isa = PBXBuildFile; fileRef = F303F272225CCB7500A11FAF /* SettingViewCoordinator.swift */; };
		F303F275225CCBA100A11FAF /* SettingViewController.swift in Sources */ = {isa = PBXBuildFile; fileRef = F303F274225CCBA100A11FAF /* SettingViewController.swift */; };
		F303F277225CCBA600A11FAF /* SettingView.swift in Sources */ = {isa = PBXBuildFile; fileRef = F303F276225CCBA600A11FAF /* SettingView.swift */; };
		F303F279225CCCE300A11FAF /* SettingViewReactor.swift in Sources */ = {isa = PBXBuildFile; fileRef = F303F278225CCCE300A11FAF /* SettingViewReactor.swift */; };
		F303F27B225CCE1600A11FAF /* OneTouchTimerViewController.swift in Sources */ = {isa = PBXBuildFile; fileRef = F303F27A225CCE1600A11FAF /* OneTouchTimerViewController.swift */; };
		F303F27D225CCE2400A11FAF /* OneTouchTimerView.swift in Sources */ = {isa = PBXBuildFile; fileRef = F303F27C225CCE2400A11FAF /* OneTouchTimerView.swift */; };
		F303F27F225CCE7100A11FAF /* OneTouchTimerViewReactor.swift in Sources */ = {isa = PBXBuildFile; fileRef = F303F27E225CCE7100A11FAF /* OneTouchTimerViewReactor.swift */; };
		F303F281225CCE9D00A11FAF /* OneTouchTimerViewCoordinator.swift in Sources */ = {isa = PBXBuildFile; fileRef = F303F280225CCE9D00A11FAF /* OneTouchTimerViewCoordinator.swift */; };
		F3D1F78C225CB6C1006DC162 /* AppDelegate.swift in Sources */ = {isa = PBXBuildFile; fileRef = F3D1F78B225CB6C1006DC162 /* AppDelegate.swift */; };
		F3D1F793225CB6C2006DC162 /* Assets.xcassets in Resources */ = {isa = PBXBuildFile; fileRef = F3D1F792225CB6C2006DC162 /* Assets.xcassets */; };
		F3D1F796225CB6C2006DC162 /* LaunchScreen.storyboard in Resources */ = {isa = PBXBuildFile; fileRef = F3D1F794225CB6C2006DC162 /* LaunchScreen.storyboard */; };
		F3D1F7A8225CC1CD006DC162 /* AppCoordinator.swift in Sources */ = {isa = PBXBuildFile; fileRef = F3D1F7A7225CC1CD006DC162 /* AppCoordinator.swift */; };
		F3D1F7AA225CC1E8006DC162 /* ServiceProvider.swift in Sources */ = {isa = PBXBuildFile; fileRef = F3D1F7A9225CC1E8006DC162 /* ServiceProvider.swift */; };
		F3D1F7AC225CC21A006DC162 /* IntroViewController.swift in Sources */ = {isa = PBXBuildFile; fileRef = F3D1F7AB225CC21A006DC162 /* IntroViewController.swift */; };
		F3D1F7AE225CC22E006DC162 /* IntroViewCoordinator.swift in Sources */ = {isa = PBXBuildFile; fileRef = F3D1F7AD225CC22E006DC162 /* IntroViewCoordinator.swift */; };
		F3D1F7B0225CC267006DC162 /* IntroViewReactor.swift in Sources */ = {isa = PBXBuildFile; fileRef = F3D1F7AF225CC267006DC162 /* IntroViewReactor.swift */; };
		F3D1F7B2225CC2A9006DC162 /* BaseViewController.swift in Sources */ = {isa = PBXBuildFile; fileRef = F3D1F7B1225CC2A9006DC162 /* BaseViewController.swift */; };
		F3D1F7B4225CC2CC006DC162 /* IntroView.swift in Sources */ = {isa = PBXBuildFile; fileRef = F3D1F7B3225CC2CC006DC162 /* IntroView.swift */; };
		F3D1F7BB225CC357006DC162 /* Primitive+adjust.swift in Sources */ = {isa = PBXBuildFile; fileRef = F3D1F7B6225CC357006DC162 /* Primitive+adjust.swift */; };
		F3D1F7BC225CC357006DC162 /* String+regex.swift in Sources */ = {isa = PBXBuildFile; fileRef = F3D1F7B7225CC357006DC162 /* String+regex.swift */; };
		F3D1F7BD225CC357006DC162 /* UIViewController+child.swift in Sources */ = {isa = PBXBuildFile; fileRef = F3D1F7B8225CC357006DC162 /* UIViewController+child.swift */; };
		F3D1F7BE225CC357006DC162 /* UIView+autolayout.swift in Sources */ = {isa = PBXBuildFile; fileRef = F3D1F7B9225CC357006DC162 /* UIView+autolayout.swift */; };
		F3D1F7BF225CC357006DC162 /* UIColor+hex.swift in Sources */ = {isa = PBXBuildFile; fileRef = F3D1F7BA225CC357006DC162 /* UIColor+hex.swift */; };
		F3D1F7C4225CC3D7006DC162 /* Logger.swift in Sources */ = {isa = PBXBuildFile; fileRef = F3D1F7C1225CC3D7006DC162 /* Logger.swift */; };
		F3D1F7C5225CC3D7006DC162 /* Constants.swift in Sources */ = {isa = PBXBuildFile; fileRef = F3D1F7C2225CC3D7006DC162 /* Constants.swift */; };
		F3D1F7C6225CC3D7006DC162 /* Functions.swift in Sources */ = {isa = PBXBuildFile; fileRef = F3D1F7C3225CC3D7006DC162 /* Functions.swift */; };
/* End PBXBuildFile section */

/* Begin PBXFileReference section */
		7ED738B39E56568EAEA53824 /* Pods-timerset-ios.debug.xcconfig */ = {isa = PBXFileReference; includeInIndex = 1; lastKnownFileType = text.xcconfig; name = "Pods-timerset-ios.debug.xcconfig"; path = "Pods/Target Support Files/Pods-timerset-ios/Pods-timerset-ios.debug.xcconfig"; sourceTree = "<group>"; };
		8BC0D17B96CD0ADB0586538A /* Pods_timerset_ios.framework */ = {isa = PBXFileReference; explicitFileType = wrapper.framework; includeInIndex = 0; path = Pods_timerset_ios.framework; sourceTree = BUILT_PRODUCTS_DIR; };
		C0071636E1989783A43F91BA /* Pods-timerset-ios.release.xcconfig */ = {isa = PBXFileReference; includeInIndex = 1; lastKnownFileType = text.xcconfig; name = "Pods-timerset-ios.release.xcconfig"; path = "Pods/Target Support Files/Pods-timerset-ios/Pods-timerset-ios.release.xcconfig"; sourceTree = "<group>"; };
		F303F25B225CC5A100A11FAF /* NanumSquareRoundEB.ttf */ = {isa = PBXFileReference; lastKnownFileType = file; path = NanumSquareRoundEB.ttf; sourceTree = "<group>"; };
		F303F25C225CC5A100A11FAF /* NanumSquareRoundL.ttf */ = {isa = PBXFileReference; lastKnownFileType = file; path = NanumSquareRoundL.ttf; sourceTree = "<group>"; };
		F303F25D225CC5A100A11FAF /* NanumSquareRoundR.ttf */ = {isa = PBXFileReference; lastKnownFileType = file; path = NanumSquareRoundR.ttf; sourceTree = "<group>"; };
		F303F25E225CC5A100A11FAF /* NanumSquareRoundB.ttf */ = {isa = PBXFileReference; lastKnownFileType = file; path = NanumSquareRoundB.ttf; sourceTree = "<group>"; };
		F303F264225CC71700A11FAF /* laboratory.storyboard */ = {isa = PBXFileReference; lastKnownFileType = file.storyboard; path = laboratory.storyboard; sourceTree = "<group>"; };
		F303F266225CC9E900A11FAF /* RootViewController.swift */ = {isa = PBXFileReference; lastKnownFileType = sourcecode.swift; path = RootViewController.swift; sourceTree = "<group>"; };
		F303F268225CCA0500A11FAF /* RootViewCoordinator.swift */ = {isa = PBXFileReference; lastKnownFileType = sourcecode.swift; path = RootViewCoordinator.swift; sourceTree = "<group>"; };
		F303F26A225CCADB00A11FAF /* TimerSetViewController.swift */ = {isa = PBXFileReference; lastKnownFileType = sourcecode.swift; path = TimerSetViewController.swift; sourceTree = "<group>"; };
		F303F26C225CCAE400A11FAF /* TimerSetViewReactor.swift */ = {isa = PBXFileReference; lastKnownFileType = sourcecode.swift; path = TimerSetViewReactor.swift; sourceTree = "<group>"; };
		F303F26E225CCAF500A11FAF /* TimerSetView.swift */ = {isa = PBXFileReference; lastKnownFileType = sourcecode.swift; path = TimerSetView.swift; sourceTree = "<group>"; };
		F303F270225CCB6A00A11FAF /* TimerSetViewCoordinator.swift */ = {isa = PBXFileReference; lastKnownFileType = sourcecode.swift; path = TimerSetViewCoordinator.swift; sourceTree = "<group>"; };
		F303F272225CCB7500A11FAF /* SettingViewCoordinator.swift */ = {isa = PBXFileReference; lastKnownFileType = sourcecode.swift; path = SettingViewCoordinator.swift; sourceTree = "<group>"; };
		F303F274225CCBA100A11FAF /* SettingViewController.swift */ = {isa = PBXFileReference; lastKnownFileType = sourcecode.swift; path = SettingViewController.swift; sourceTree = "<group>"; };
		F303F276225CCBA600A11FAF /* SettingView.swift */ = {isa = PBXFileReference; lastKnownFileType = sourcecode.swift; path = SettingView.swift; sourceTree = "<group>"; };
		F303F278225CCCE300A11FAF /* SettingViewReactor.swift */ = {isa = PBXFileReference; lastKnownFileType = sourcecode.swift; path = SettingViewReactor.swift; sourceTree = "<group>"; };
		F303F27A225CCE1600A11FAF /* OneTouchTimerViewController.swift */ = {isa = PBXFileReference; lastKnownFileType = sourcecode.swift; path = OneTouchTimerViewController.swift; sourceTree = "<group>"; };
		F303F27C225CCE2400A11FAF /* OneTouchTimerView.swift */ = {isa = PBXFileReference; lastKnownFileType = sourcecode.swift; path = OneTouchTimerView.swift; sourceTree = "<group>"; };
		F303F27E225CCE7100A11FAF /* OneTouchTimerViewReactor.swift */ = {isa = PBXFileReference; lastKnownFileType = sourcecode.swift; path = OneTouchTimerViewReactor.swift; sourceTree = "<group>"; };
		F303F280225CCE9D00A11FAF /* OneTouchTimerViewCoordinator.swift */ = {isa = PBXFileReference; lastKnownFileType = sourcecode.swift; path = OneTouchTimerViewCoordinator.swift; sourceTree = "<group>"; };
		F3D1F788225CB6C1006DC162 /* timerset-ios.app */ = {isa = PBXFileReference; explicitFileType = wrapper.application; includeInIndex = 0; path = "timerset-ios.app"; sourceTree = BUILT_PRODUCTS_DIR; };
		F3D1F78B225CB6C1006DC162 /* AppDelegate.swift */ = {isa = PBXFileReference; lastKnownFileType = sourcecode.swift; path = AppDelegate.swift; sourceTree = "<group>"; };
		F3D1F792225CB6C2006DC162 /* Assets.xcassets */ = {isa = PBXFileReference; lastKnownFileType = folder.assetcatalog; path = Assets.xcassets; sourceTree = "<group>"; };
		F3D1F795225CB6C2006DC162 /* Base */ = {isa = PBXFileReference; lastKnownFileType = file.storyboard; name = Base; path = Base.lproj/LaunchScreen.storyboard; sourceTree = "<group>"; };
		F3D1F797225CB6C2006DC162 /* Info.plist */ = {isa = PBXFileReference; lastKnownFileType = text.plist.xml; path = Info.plist; sourceTree = "<group>"; };
		F3D1F7A7225CC1CD006DC162 /* AppCoordinator.swift */ = {isa = PBXFileReference; lastKnownFileType = sourcecode.swift; path = AppCoordinator.swift; sourceTree = "<group>"; };
		F3D1F7A9225CC1E8006DC162 /* ServiceProvider.swift */ = {isa = PBXFileReference; lastKnownFileType = sourcecode.swift; path = ServiceProvider.swift; sourceTree = "<group>"; };
		F3D1F7AB225CC21A006DC162 /* IntroViewController.swift */ = {isa = PBXFileReference; lastKnownFileType = sourcecode.swift; path = IntroViewController.swift; sourceTree = "<group>"; };
		F3D1F7AD225CC22E006DC162 /* IntroViewCoordinator.swift */ = {isa = PBXFileReference; lastKnownFileType = sourcecode.swift; path = IntroViewCoordinator.swift; sourceTree = "<group>"; };
		F3D1F7AF225CC267006DC162 /* IntroViewReactor.swift */ = {isa = PBXFileReference; lastKnownFileType = sourcecode.swift; path = IntroViewReactor.swift; sourceTree = "<group>"; };
		F3D1F7B1225CC2A9006DC162 /* BaseViewController.swift */ = {isa = PBXFileReference; lastKnownFileType = sourcecode.swift; path = BaseViewController.swift; sourceTree = "<group>"; };
		F3D1F7B3225CC2CC006DC162 /* IntroView.swift */ = {isa = PBXFileReference; lastKnownFileType = sourcecode.swift; path = IntroView.swift; sourceTree = "<group>"; };
		F3D1F7B6225CC357006DC162 /* Primitive+adjust.swift */ = {isa = PBXFileReference; fileEncoding = 4; lastKnownFileType = sourcecode.swift; path = "Primitive+adjust.swift"; sourceTree = "<group>"; };
		F3D1F7B7225CC357006DC162 /* String+regex.swift */ = {isa = PBXFileReference; fileEncoding = 4; lastKnownFileType = sourcecode.swift; path = "String+regex.swift"; sourceTree = "<group>"; };
		F3D1F7B8225CC357006DC162 /* UIViewController+child.swift */ = {isa = PBXFileReference; fileEncoding = 4; lastKnownFileType = sourcecode.swift; path = "UIViewController+child.swift"; sourceTree = "<group>"; };
		F3D1F7B9225CC357006DC162 /* UIView+autolayout.swift */ = {isa = PBXFileReference; fileEncoding = 4; lastKnownFileType = sourcecode.swift; path = "UIView+autolayout.swift"; sourceTree = "<group>"; };
		F3D1F7BA225CC357006DC162 /* UIColor+hex.swift */ = {isa = PBXFileReference; fileEncoding = 4; lastKnownFileType = sourcecode.swift; path = "UIColor+hex.swift"; sourceTree = "<group>"; };
		F3D1F7C1225CC3D7006DC162 /* Logger.swift */ = {isa = PBXFileReference; fileEncoding = 4; lastKnownFileType = sourcecode.swift; path = Logger.swift; sourceTree = "<group>"; };
		F3D1F7C2225CC3D7006DC162 /* Constants.swift */ = {isa = PBXFileReference; fileEncoding = 4; lastKnownFileType = sourcecode.swift; path = Constants.swift; sourceTree = "<group>"; };
		F3D1F7C3225CC3D7006DC162 /* Functions.swift */ = {isa = PBXFileReference; fileEncoding = 4; lastKnownFileType = sourcecode.swift; path = Functions.swift; sourceTree = "<group>"; };
/* End PBXFileReference section */

/* Begin PBXFrameworksBuildPhase section */
		F3D1F785225CB6C1006DC162 /* Frameworks */ = {
			isa = PBXFrameworksBuildPhase;
			buildActionMask = 2147483647;
			files = (
				7984FE92D890893C34B52BBB /* Pods_timerset_ios.framework in Frameworks */,
			);
			runOnlyForDeploymentPostprocessing = 0;
		};
/* End PBXFrameworksBuildPhase section */

/* Begin PBXGroup section */
		148CF5699B4175487BC4AAAF /* Frameworks */ = {
			isa = PBXGroup;
			children = (
				8BC0D17B96CD0ADB0586538A /* Pods_timerset_ios.framework */,
			);
			name = Frameworks;
			sourceTree = "<group>";
		};
		A8111254192D76522D893027 /* Pods */ = {
			isa = PBXGroup;
			children = (
				7ED738B39E56568EAEA53824 /* Pods-timerset-ios.debug.xcconfig */,
				C0071636E1989783A43F91BA /* Pods-timerset-ios.release.xcconfig */,
			);
			name = Pods;
			sourceTree = "<group>";
		};
		F303F259225CC56800A11FAF /* Resources */ = {
			isa = PBXGroup;
			children = (
				F303F25A225CC57B00A11FAF /* Fonts */,
			);
			path = Resources;
			sourceTree = "<group>";
		};
		F303F25A225CC57B00A11FAF /* Fonts */ = {
			isa = PBXGroup;
			children = (
				F303F25E225CC5A100A11FAF /* NanumSquareRoundB.ttf */,
				F303F25B225CC5A100A11FAF /* NanumSquareRoundEB.ttf */,
				F303F25C225CC5A100A11FAF /* NanumSquareRoundL.ttf */,
				F303F25D225CC5A100A11FAF /* NanumSquareRoundR.ttf */,
			);
			path = Fonts;
			sourceTree = "<group>";
		};
		F303F263225CC6EE00A11FAF /* Laboratory */ = {
			isa = PBXGroup;
			children = (
				F303F264225CC71700A11FAF /* laboratory.storyboard */,
			);
			path = Laboratory;
			sourceTree = "<group>";
		};
		F3D1F77F225CB6C1006DC162 = {
			isa = PBXGroup;
			children = (
				F3D1F78A225CB6C1006DC162 /* timerset-ios */,
				F3D1F789225CB6C1006DC162 /* Products */,
				A8111254192D76522D893027 /* Pods */,
				148CF5699B4175487BC4AAAF /* Frameworks */,
			);
			sourceTree = "<group>";
		};
		F3D1F789225CB6C1006DC162 /* Products */ = {
			isa = PBXGroup;
			children = (
				F3D1F788225CB6C1006DC162 /* timerset-ios.app */,
			);
			name = Products;
			sourceTree = "<group>";
		};
		F3D1F78A225CB6C1006DC162 /* timerset-ios */ = {
			isa = PBXGroup;
			children = (
				F303F263225CC6EE00A11FAF /* Laboratory */,
				F3D1F7C0225CC3BE006DC162 /* Common */,
				F3D1F7B5225CC322006DC162 /* Extension */,
				F3D1F79D225CBC1D006DC162 /* Model */,
				F3D1F79E225CBC24006DC162 /* View */,
				F3D1F79F225CBC2B006DC162 /* ViewReactor */,
				F3D1F7A0225CBCAB006DC162 /* Coordinator */,
				F3D1F78B225CB6C1006DC162 /* AppDelegate.swift */,
				F3D1F792225CB6C2006DC162 /* Assets.xcassets */,
				F3D1F794225CB6C2006DC162 /* LaunchScreen.storyboard */,
				F3D1F797225CB6C2006DC162 /* Info.plist */,
				F303F259225CC56800A11FAF /* Resources */,
			);
			path = "timerset-ios";
			sourceTree = "<group>";
		};
		F3D1F79D225CBC1D006DC162 /* Model */ = {
			isa = PBXGroup;
			children = (
				F3D1F7A2225CBCDC006DC162 /* Service */,
			);
			path = Model;
			sourceTree = "<group>";
		};
		F3D1F79E225CBC24006DC162 /* View */ = {
			isa = PBXGroup;
			children = (
				F3D1F7A1225CBCCE006DC162 /* Cell */,
				F3D1F7B1225CC2A9006DC162 /* BaseViewController.swift */,
				F3D1F7AB225CC21A006DC162 /* IntroViewController.swift */,
				F3D1F7B3225CC2CC006DC162 /* IntroView.swift */,
				F303F266225CC9E900A11FAF /* RootViewController.swift */,
				F303F26A225CCADB00A11FAF /* TimerSetViewController.swift */,
				F303F26E225CCAF500A11FAF /* TimerSetView.swift */,
				F303F27A225CCE1600A11FAF /* OneTouchTimerViewController.swift */,
				F303F27C225CCE2400A11FAF /* OneTouchTimerView.swift */,
				F303F274225CCBA100A11FAF /* SettingViewController.swift */,
				F303F276225CCBA600A11FAF /* SettingView.swift */,
			);
			path = View;
			sourceTree = "<group>";
		};
		F3D1F79F225CBC2B006DC162 /* ViewReactor */ = {
			isa = PBXGroup;
			children = (
				F3D1F7AF225CC267006DC162 /* IntroViewReactor.swift */,
				F303F26C225CCAE400A11FAF /* TimerSetViewReactor.swift */,
				F303F27E225CCE7100A11FAF /* OneTouchTimerViewReactor.swift */,
				F303F278225CCCE300A11FAF /* SettingViewReactor.swift */,
			);
			path = ViewReactor;
			sourceTree = "<group>";
		};
		F3D1F7A0225CBCAB006DC162 /* Coordinator */ = {
			isa = PBXGroup;
			children = (
				F3D1F7A3225CBCE1006DC162 /* Animator */,
				F3D1F7A7225CC1CD006DC162 /* AppCoordinator.swift */,
				F3D1F7AD225CC22E006DC162 /* IntroViewCoordinator.swift */,
				F303F268225CCA0500A11FAF /* RootViewCoordinator.swift */,
				F303F270225CCB6A00A11FAF /* TimerSetViewCoordinator.swift */,
				F303F280225CCE9D00A11FAF /* OneTouchTimerViewCoordinator.swift */,
				F303F272225CCB7500A11FAF /* SettingViewCoordinator.swift */,
			);
			path = Coordinator;
			sourceTree = "<group>";
		};
		F3D1F7A1225CBCCE006DC162 /* Cell */ = {
			isa = PBXGroup;
			children = (
			);
			path = Cell;
			sourceTree = "<group>";
		};
		F3D1F7A2225CBCDC006DC162 /* Service */ = {
			isa = PBXGroup;
			children = (
				F3D1F7A9225CC1E8006DC162 /* ServiceProvider.swift */,
			);
			path = Service;
			sourceTree = "<group>";
		};
		F3D1F7A3225CBCE1006DC162 /* Animator */ = {
			isa = PBXGroup;
			children = (
			);
			path = Animator;
			sourceTree = "<group>";
		};
		F3D1F7B5225CC322006DC162 /* Extension */ = {
			isa = PBXGroup;
			children = (
				F3D1F7B6225CC357006DC162 /* Primitive+adjust.swift */,
				F3D1F7B7225CC357006DC162 /* String+regex.swift */,
				F3D1F7BA225CC357006DC162 /* UIColor+hex.swift */,
				F3D1F7B9225CC357006DC162 /* UIView+autolayout.swift */,
				F3D1F7B8225CC357006DC162 /* UIViewController+child.swift */,
			);
			path = Extension;
			sourceTree = "<group>";
		};
		F3D1F7C0225CC3BE006DC162 /* Common */ = {
			isa = PBXGroup;
			children = (
				F3D1F7C2225CC3D7006DC162 /* Constants.swift */,
				F3D1F7C3225CC3D7006DC162 /* Functions.swift */,
				F3D1F7C1225CC3D7006DC162 /* Logger.swift */,
			);
			path = Common;
			sourceTree = "<group>";
		};
/* End PBXGroup section */

/* Begin PBXNativeTarget section */
		F3D1F787225CB6C1006DC162 /* timerset-ios */ = {
			isa = PBXNativeTarget;
			buildConfigurationList = F3D1F79A225CB6C2006DC162 /* Build configuration list for PBXNativeTarget "timerset-ios" */;
			buildPhases = (
				D4FD301E82ADFD1ECF93D47D /* [CP] Check Pods Manifest.lock */,
				F3D1F784225CB6C1006DC162 /* Sources */,
				F3D1F785225CB6C1006DC162 /* Frameworks */,
				F3D1F786225CB6C1006DC162 /* Resources */,
				F3D1F7A6225CBEA8006DC162 /* ShellScript */,
				6E8442ABD5C58FF2B3FF8039 /* [CP] Embed Pods Frameworks */,
			);
			buildRules = (
			);
			dependencies = (
			);
			name = "timerset-ios";
			productName = "timerset-ios";
			productReference = F3D1F788225CB6C1006DC162 /* timerset-ios.app */;
			productType = "com.apple.product-type.application";
		};
/* End PBXNativeTarget section */

/* Begin PBXProject section */
		F3D1F780225CB6C1006DC162 /* Project object */ = {
			isa = PBXProject;
			attributes = {
				LastSwiftUpdateCheck = 1020;
				LastUpgradeCheck = 1020;
				ORGANIZATIONNAME = "Jeong Jin Eun";
				TargetAttributes = {
					F3D1F787225CB6C1006DC162 = {
						CreatedOnToolsVersion = 10.2;
					};
				};
			};
			buildConfigurationList = F3D1F783225CB6C1006DC162 /* Build configuration list for PBXProject "timerset-ios" */;
			compatibilityVersion = "Xcode 9.3";
			developmentRegion = en;
			hasScannedForEncodings = 0;
			knownRegions = (
				en,
				Base,
			);
			mainGroup = F3D1F77F225CB6C1006DC162;
			productRefGroup = F3D1F789225CB6C1006DC162 /* Products */;
			projectDirPath = "";
			projectRoot = "";
			targets = (
				F3D1F787225CB6C1006DC162 /* timerset-ios */,
			);
		};
/* End PBXProject section */

/* Begin PBXResourcesBuildPhase section */
		F3D1F786225CB6C1006DC162 /* Resources */ = {
			isa = PBXResourcesBuildPhase;
			buildActionMask = 2147483647;
			files = (
				F3D1F796225CB6C2006DC162 /* LaunchScreen.storyboard in Resources */,
				F303F260225CC5A100A11FAF /* NanumSquareRoundL.ttf in Resources */,
				F303F261225CC5A100A11FAF /* NanumSquareRoundR.ttf in Resources */,
				F303F25F225CC5A100A11FAF /* NanumSquareRoundEB.ttf in Resources */,
				F303F265225CC71700A11FAF /* laboratory.storyboard in Resources */,
				F3D1F793225CB6C2006DC162 /* Assets.xcassets in Resources */,
				F303F262225CC5A100A11FAF /* NanumSquareRoundB.ttf in Resources */,
			);
			runOnlyForDeploymentPostprocessing = 0;
		};
/* End PBXResourcesBuildPhase section */

/* Begin PBXShellScriptBuildPhase section */
		6E8442ABD5C58FF2B3FF8039 /* [CP] Embed Pods Frameworks */ = {
			isa = PBXShellScriptBuildPhase;
			buildActionMask = 2147483647;
			files = (
			);
			inputFileListPaths = (
			);
			inputPaths = (
				"${SRCROOT}/Pods/Target Support Files/Pods-timerset-ios/Pods-timerset-ios-frameworks.sh",
				"${BUILT_PRODUCTS_DIR}/Alamofire/Alamofire.framework",
				"${BUILT_PRODUCTS_DIR}/Differentiator/Differentiator.framework",
				"${BUILT_PRODUCTS_DIR}/ReactorKit/ReactorKit.framework",
				"${BUILT_PRODUCTS_DIR}/RxCocoa/RxCocoa.framework",
				"${BUILT_PRODUCTS_DIR}/RxDataSources/RxDataSources.framework",
				"${BUILT_PRODUCTS_DIR}/RxSwift/RxSwift.framework",
				"${BUILT_PRODUCTS_DIR}/SnapKit/SnapKit.framework",
				"${BUILT_PRODUCTS_DIR}/SwiftyBeaver/SwiftyBeaver.framework",
			);
			name = "[CP] Embed Pods Frameworks";
			outputFileListPaths = (
			);
			outputPaths = (
				"${TARGET_BUILD_DIR}/${FRAMEWORKS_FOLDER_PATH}/Alamofire.framework",
				"${TARGET_BUILD_DIR}/${FRAMEWORKS_FOLDER_PATH}/Differentiator.framework",
				"${TARGET_BUILD_DIR}/${FRAMEWORKS_FOLDER_PATH}/ReactorKit.framework",
				"${TARGET_BUILD_DIR}/${FRAMEWORKS_FOLDER_PATH}/RxCocoa.framework",
				"${TARGET_BUILD_DIR}/${FRAMEWORKS_FOLDER_PATH}/RxDataSources.framework",
				"${TARGET_BUILD_DIR}/${FRAMEWORKS_FOLDER_PATH}/RxSwift.framework",
				"${TARGET_BUILD_DIR}/${FRAMEWORKS_FOLDER_PATH}/SnapKit.framework",
				"${TARGET_BUILD_DIR}/${FRAMEWORKS_FOLDER_PATH}/SwiftyBeaver.framework",
			);
			runOnlyForDeploymentPostprocessing = 0;
			shellPath = /bin/sh;
			shellScript = "\"${SRCROOT}/Pods/Target Support Files/Pods-timerset-ios/Pods-timerset-ios-frameworks.sh\"\n";
			showEnvVarsInLog = 0;
		};
		D4FD301E82ADFD1ECF93D47D /* [CP] Check Pods Manifest.lock */ = {
			isa = PBXShellScriptBuildPhase;
			buildActionMask = 2147483647;
			files = (
			);
			inputFileListPaths = (
			);
			inputPaths = (
				"${PODS_PODFILE_DIR_PATH}/Podfile.lock",
				"${PODS_ROOT}/Manifest.lock",
			);
			name = "[CP] Check Pods Manifest.lock";
			outputFileListPaths = (
			);
			outputPaths = (
				"$(DERIVED_FILE_DIR)/Pods-timerset-ios-checkManifestLockResult.txt",
			);
			runOnlyForDeploymentPostprocessing = 0;
			shellPath = /bin/sh;
			shellScript = "diff \"${PODS_PODFILE_DIR_PATH}/Podfile.lock\" \"${PODS_ROOT}/Manifest.lock\" > /dev/null\nif [ $? != 0 ] ; then\n    # print error to STDERR\n    echo \"error: The sandbox is not in sync with the Podfile.lock. Run 'pod install' or update your CocoaPods installation.\" >&2\n    exit 1\nfi\n# This output is used by Xcode 'outputs' to avoid re-running this script phase.\necho \"SUCCESS\" > \"${SCRIPT_OUTPUT_FILE_0}\"\n";
			showEnvVarsInLog = 0;
		};
		F3D1F7A6225CBEA8006DC162 /* ShellScript */ = {
			isa = PBXShellScriptBuildPhase;
			buildActionMask = 2147483647;
			files = (
			);
			inputFileListPaths = (
			);
			inputPaths = (
			);
			outputFileListPaths = (
			);
			outputPaths = (
			);
			runOnlyForDeploymentPostprocessing = 0;
			shellPath = /bin/sh;
			shellScript = "# Type a script or drag a script file from your workspace to insert its path.\n${PODS_ROOT}/SwiftLint/swiftlint\n";
		};
/* End PBXShellScriptBuildPhase section */

/* Begin PBXSourcesBuildPhase section */
		F3D1F784225CB6C1006DC162 /* Sources */ = {
			isa = PBXSourcesBuildPhase;
			buildActionMask = 2147483647;
			files = (
				F3D1F7BD225CC357006DC162 /* UIViewController+child.swift in Sources */,
				F303F273225CCB7500A11FAF /* SettingViewCoordinator.swift in Sources */,
				F303F279225CCCE300A11FAF /* SettingViewReactor.swift in Sources */,
				F303F267225CC9E900A11FAF /* RootViewController.swift in Sources */,
				F3D1F7BE225CC357006DC162 /* UIView+autolayout.swift in Sources */,
				F3D1F7AA225CC1E8006DC162 /* ServiceProvider.swift in Sources */,
				F3D1F7C6225CC3D7006DC162 /* Functions.swift in Sources */,
				F303F277225CCBA600A11FAF /* SettingView.swift in Sources */,
				F3D1F7B4225CC2CC006DC162 /* IntroView.swift in Sources */,
				F303F26B225CCADB00A11FAF /* TimerSetViewController.swift in Sources */,
				F303F271225CCB6A00A11FAF /* TimerSetViewCoordinator.swift in Sources */,
				F303F27D225CCE2400A11FAF /* OneTouchTimerView.swift in Sources */,
				F3D1F7A8225CC1CD006DC162 /* AppCoordinator.swift in Sources */,
				F3D1F7C5225CC3D7006DC162 /* Constants.swift in Sources */,
				F303F281225CCE9D00A11FAF /* OneTouchTimerViewCoordinator.swift in Sources */,
				F303F275225CCBA100A11FAF /* SettingViewController.swift in Sources */,
				F3D1F7B0225CC267006DC162 /* IntroViewReactor.swift in Sources */,
				F303F27F225CCE7100A11FAF /* OneTouchTimerViewReactor.swift in Sources */,
				F3D1F78C225CB6C1006DC162 /* AppDelegate.swift in Sources */,
				F303F26F225CCAF500A11FAF /* TimerSetView.swift in Sources */,
				F3D1F7AE225CC22E006DC162 /* IntroViewCoordinator.swift in Sources */,
				F303F26D225CCAE400A11FAF /* TimerSetViewReactor.swift in Sources */,
				F3D1F7BC225CC357006DC162 /* String+regex.swift in Sources */,
				F3D1F7B2225CC2A9006DC162 /* BaseViewController.swift in Sources */,
				F303F27B225CCE1600A11FAF /* OneTouchTimerViewController.swift in Sources */,
				F3D1F7BB225CC357006DC162 /* Primitive+adjust.swift in Sources */,
				F3D1F7C4225CC3D7006DC162 /* Logger.swift in Sources */,
				F3D1F7AC225CC21A006DC162 /* IntroViewController.swift in Sources */,
				F303F269225CCA0500A11FAF /* RootViewCoordinator.swift in Sources */,
				F3D1F7BF225CC357006DC162 /* UIColor+hex.swift in Sources */,
			);
			runOnlyForDeploymentPostprocessing = 0;
		};
/* End PBXSourcesBuildPhase section */

/* Begin PBXVariantGroup section */
		F3D1F794225CB6C2006DC162 /* LaunchScreen.storyboard */ = {
			isa = PBXVariantGroup;
			children = (
				F3D1F795225CB6C2006DC162 /* Base */,
			);
			name = LaunchScreen.storyboard;
			sourceTree = "<group>";
		};
/* End PBXVariantGroup section */

/* Begin XCBuildConfiguration section */
		F3D1F798225CB6C2006DC162 /* Debug */ = {
			isa = XCBuildConfiguration;
			buildSettings = {
				ALWAYS_SEARCH_USER_PATHS = NO;
				CLANG_ANALYZER_NONNULL = YES;
				CLANG_ANALYZER_NUMBER_OBJECT_CONVERSION = YES_AGGRESSIVE;
				CLANG_CXX_LANGUAGE_STANDARD = "gnu++14";
				CLANG_CXX_LIBRARY = "libc++";
				CLANG_ENABLE_MODULES = YES;
				CLANG_ENABLE_OBJC_ARC = YES;
				CLANG_ENABLE_OBJC_WEAK = YES;
				CLANG_WARN_BLOCK_CAPTURE_AUTORELEASING = YES;
				CLANG_WARN_BOOL_CONVERSION = YES;
				CLANG_WARN_COMMA = YES;
				CLANG_WARN_CONSTANT_CONVERSION = YES;
				CLANG_WARN_DEPRECATED_OBJC_IMPLEMENTATIONS = YES;
				CLANG_WARN_DIRECT_OBJC_ISA_USAGE = YES_ERROR;
				CLANG_WARN_DOCUMENTATION_COMMENTS = YES;
				CLANG_WARN_EMPTY_BODY = YES;
				CLANG_WARN_ENUM_CONVERSION = YES;
				CLANG_WARN_INFINITE_RECURSION = YES;
				CLANG_WARN_INT_CONVERSION = YES;
				CLANG_WARN_NON_LITERAL_NULL_CONVERSION = YES;
				CLANG_WARN_OBJC_IMPLICIT_RETAIN_SELF = YES;
				CLANG_WARN_OBJC_LITERAL_CONVERSION = YES;
				CLANG_WARN_OBJC_ROOT_CLASS = YES_ERROR;
				CLANG_WARN_RANGE_LOOP_ANALYSIS = YES;
				CLANG_WARN_STRICT_PROTOTYPES = YES;
				CLANG_WARN_SUSPICIOUS_MOVE = YES;
				CLANG_WARN_UNGUARDED_AVAILABILITY = YES_AGGRESSIVE;
				CLANG_WARN_UNREACHABLE_CODE = YES;
				CLANG_WARN__DUPLICATE_METHOD_MATCH = YES;
				CODE_SIGN_IDENTITY = "iPhone Developer";
				COPY_PHASE_STRIP = NO;
				DEBUG_INFORMATION_FORMAT = dwarf;
				ENABLE_STRICT_OBJC_MSGSEND = YES;
				ENABLE_TESTABILITY = YES;
				GCC_C_LANGUAGE_STANDARD = gnu11;
				GCC_DYNAMIC_NO_PIC = NO;
				GCC_NO_COMMON_BLOCKS = YES;
				GCC_OPTIMIZATION_LEVEL = 0;
				GCC_PREPROCESSOR_DEFINITIONS = (
					"DEBUG=1",
					"$(inherited)",
				);
				GCC_WARN_64_TO_32_BIT_CONVERSION = YES;
				GCC_WARN_ABOUT_RETURN_TYPE = YES_ERROR;
				GCC_WARN_UNDECLARED_SELECTOR = YES;
				GCC_WARN_UNINITIALIZED_AUTOS = YES_AGGRESSIVE;
				GCC_WARN_UNUSED_FUNCTION = YES;
				GCC_WARN_UNUSED_VARIABLE = YES;
				IPHONEOS_DEPLOYMENT_TARGET = 10.0;
				MTL_ENABLE_DEBUG_INFO = INCLUDE_SOURCE;
				MTL_FAST_MATH = YES;
				ONLY_ACTIVE_ARCH = YES;
				SDKROOT = iphoneos;
				SWIFT_ACTIVE_COMPILATION_CONDITIONS = DEBUG;
				SWIFT_OPTIMIZATION_LEVEL = "-Onone";
				SWIFT_VERSION = 5.0;
			};
			name = Debug;
		};
		F3D1F799225CB6C2006DC162 /* Release */ = {
			isa = XCBuildConfiguration;
			buildSettings = {
				ALWAYS_SEARCH_USER_PATHS = NO;
				CLANG_ANALYZER_NONNULL = YES;
				CLANG_ANALYZER_NUMBER_OBJECT_CONVERSION = YES_AGGRESSIVE;
				CLANG_CXX_LANGUAGE_STANDARD = "gnu++14";
				CLANG_CXX_LIBRARY = "libc++";
				CLANG_ENABLE_MODULES = YES;
				CLANG_ENABLE_OBJC_ARC = YES;
				CLANG_ENABLE_OBJC_WEAK = YES;
				CLANG_WARN_BLOCK_CAPTURE_AUTORELEASING = YES;
				CLANG_WARN_BOOL_CONVERSION = YES;
				CLANG_WARN_COMMA = YES;
				CLANG_WARN_CONSTANT_CONVERSION = YES;
				CLANG_WARN_DEPRECATED_OBJC_IMPLEMENTATIONS = YES;
				CLANG_WARN_DIRECT_OBJC_ISA_USAGE = YES_ERROR;
				CLANG_WARN_DOCUMENTATION_COMMENTS = YES;
				CLANG_WARN_EMPTY_BODY = YES;
				CLANG_WARN_ENUM_CONVERSION = YES;
				CLANG_WARN_INFINITE_RECURSION = YES;
				CLANG_WARN_INT_CONVERSION = YES;
				CLANG_WARN_NON_LITERAL_NULL_CONVERSION = YES;
				CLANG_WARN_OBJC_IMPLICIT_RETAIN_SELF = YES;
				CLANG_WARN_OBJC_LITERAL_CONVERSION = YES;
				CLANG_WARN_OBJC_ROOT_CLASS = YES_ERROR;
				CLANG_WARN_RANGE_LOOP_ANALYSIS = YES;
				CLANG_WARN_STRICT_PROTOTYPES = YES;
				CLANG_WARN_SUSPICIOUS_MOVE = YES;
				CLANG_WARN_UNGUARDED_AVAILABILITY = YES_AGGRESSIVE;
				CLANG_WARN_UNREACHABLE_CODE = YES;
				CLANG_WARN__DUPLICATE_METHOD_MATCH = YES;
				CODE_SIGN_IDENTITY = "iPhone Developer";
				COPY_PHASE_STRIP = NO;
				DEBUG_INFORMATION_FORMAT = "dwarf-with-dsym";
				ENABLE_NS_ASSERTIONS = NO;
				ENABLE_STRICT_OBJC_MSGSEND = YES;
				GCC_C_LANGUAGE_STANDARD = gnu11;
				GCC_NO_COMMON_BLOCKS = YES;
				GCC_WARN_64_TO_32_BIT_CONVERSION = YES;
				GCC_WARN_ABOUT_RETURN_TYPE = YES_ERROR;
				GCC_WARN_UNDECLARED_SELECTOR = YES;
				GCC_WARN_UNINITIALIZED_AUTOS = YES_AGGRESSIVE;
				GCC_WARN_UNUSED_FUNCTION = YES;
				GCC_WARN_UNUSED_VARIABLE = YES;
				IPHONEOS_DEPLOYMENT_TARGET = 10.0;
				MTL_ENABLE_DEBUG_INFO = NO;
				MTL_FAST_MATH = YES;
				SDKROOT = iphoneos;
				SWIFT_COMPILATION_MODE = wholemodule;
				SWIFT_OPTIMIZATION_LEVEL = "-O";
				SWIFT_VERSION = 5.0;
				VALIDATE_PRODUCT = YES;
			};
			name = Release;
		};
		F3D1F79B225CB6C2006DC162 /* Debug */ = {
			isa = XCBuildConfiguration;
			baseConfigurationReference = 7ED738B39E56568EAEA53824 /* Pods-timerset-ios.debug.xcconfig */;
			buildSettings = {
				ASSETCATALOG_COMPILER_APPICON_NAME = AppIcon;
				CODE_SIGN_STYLE = Manual;
				DEVELOPMENT_TEAM = 6VSLC69397;
				INFOPLIST_FILE = "timerset-ios/Info.plist";
				LD_RUNPATH_SEARCH_PATHS = (
					"$(inherited)",
					"@executable_path/Frameworks",
				);
				PRODUCT_BUNDLE_IDENTIFIER = "jsilver.project.timerset-ios";
				PRODUCT_NAME = "$(TARGET_NAME)";
				PROVISIONING_PROFILE_SPECIFIER = "jsilver.project.timerset-ios";
				SWIFT_VERSION = 5.0;
				TARGETED_DEVICE_FAMILY = "1,2";
			};
			name = Debug;
		};
		F3D1F79C225CB6C2006DC162 /* Release */ = {
			isa = XCBuildConfiguration;
			baseConfigurationReference = C0071636E1989783A43F91BA /* Pods-timerset-ios.release.xcconfig */;
			buildSettings = {
				ASSETCATALOG_COMPILER_APPICON_NAME = AppIcon;
				CODE_SIGN_STYLE = Manual;
				DEVELOPMENT_TEAM = 6VSLC69397;
				INFOPLIST_FILE = "timerset-ios/Info.plist";
				LD_RUNPATH_SEARCH_PATHS = (
					"$(inherited)",
					"@executable_path/Frameworks",
				);
				PRODUCT_BUNDLE_IDENTIFIER = "jsilver.project.timerset-ios";
				PRODUCT_NAME = "$(TARGET_NAME)";
				PROVISIONING_PROFILE_SPECIFIER = "jsilver.project.timerset-ios";
				SWIFT_VERSION = 5.0;
				TARGETED_DEVICE_FAMILY = "1,2";
			};
			name = Release;
		};
/* End XCBuildConfiguration section */

/* Begin XCConfigurationList section */
		F3D1F783225CB6C1006DC162 /* Build configuration list for PBXProject "timerset-ios" */ = {
			isa = XCConfigurationList;
			buildConfigurations = (
				F3D1F798225CB6C2006DC162 /* Debug */,
				F3D1F799225CB6C2006DC162 /* Release */,
			);
			defaultConfigurationIsVisible = 0;
			defaultConfigurationName = Release;
		};
		F3D1F79A225CB6C2006DC162 /* Build configuration list for PBXNativeTarget "timerset-ios" */ = {
			isa = XCConfigurationList;
			buildConfigurations = (
				F3D1F79B225CB6C2006DC162 /* Debug */,
				F3D1F79C225CB6C2006DC162 /* Release */,
			);
			defaultConfigurationIsVisible = 0;
			defaultConfigurationName = Release;
		};
/* End XCConfigurationList section */
	};
	rootObject = F3D1F780225CB6C1006DC162 /* Project object */;
}
