// !$*UTF8*$!
{
	archiveVersion = 1;
	classes = {
	};
	objectVersion = 51;
	objects = {

/* Begin PBXBuildFile section */
		1236FB8BB1172A8260339148 /* Pods_test.framework in Frameworks */ = {isa = PBXBuildFile; fileRef = 57FF53C06D2C2D3BFB2E3F1F /* Pods_test.framework */; };
		62F447025DA9571328264AAF /* Pods_widget.framework in Frameworks */ = {isa = PBXBuildFile; fileRef = 08C6E86474A099E3080F5433 /* Pods_widget.framework */; };
		D282A18CB74B075521AEDD44 /* Pods_timer.framework in Frameworks */ = {isa = PBXBuildFile; fileRef = 192FFC2A400F1A0E57C22E1D /* Pods_timer.framework */; };
		F302608822EB674100E3E431 /* AlarmChangeTableViewCell.swift in Sources */ = {isa = PBXBuildFile; fileRef = F302608722EB674100E3E431 /* AlarmChangeTableViewCell.swift */; };
		F302608A22EC86F500E3E431 /* AlarmChangeViewReactor.swift in Sources */ = {isa = PBXBuildFile; fileRef = F302608922EC86F500E3E431 /* AlarmChangeViewReactor.swift */; };
		F302608D22EC87C300E3E431 /* AlarmChangeView.swift in Sources */ = {isa = PBXBuildFile; fileRef = F302608C22EC87C300E3E431 /* AlarmChangeView.swift */; };
		F302608F22EEAFC300E3E431 /* TMTabBar.swift in Sources */ = {isa = PBXBuildFile; fileRef = F302608E22EEAFC300E3E431 /* TMTabBar.swift */; };
		F302609122EEB89600E3E431 /* TMTabBarItem.swift in Sources */ = {isa = PBXBuildFile; fileRef = F302609022EEB89600E3E431 /* TMTabBarItem.swift */; };
		F303F267225CC9E900A11FAF /* RootViewController.swift in Sources */ = {isa = PBXBuildFile; fileRef = F303F266225CC9E900A11FAF /* RootViewController.swift */; };
		F303F26B225CCADB00A11FAF /* LocalTimeSetViewController.swift in Sources */ = {isa = PBXBuildFile; fileRef = F303F26A225CCADB00A11FAF /* LocalTimeSetViewController.swift */; };
		F303F26D225CCAE400A11FAF /* LocalTimeSetViewReactor.swift in Sources */ = {isa = PBXBuildFile; fileRef = F303F26C225CCAE400A11FAF /* LocalTimeSetViewReactor.swift */; };
		F303F26F225CCAF500A11FAF /* LocalTimeSetView.swift in Sources */ = {isa = PBXBuildFile; fileRef = F303F26E225CCAF500A11FAF /* LocalTimeSetView.swift */; };
		F303F271225CCB6A00A11FAF /* LocalTimeSetViewCoordinator.swift in Sources */ = {isa = PBXBuildFile; fileRef = F303F270225CCB6A00A11FAF /* LocalTimeSetViewCoordinator.swift */; };
		F303F273225CCB7500A11FAF /* SettingViewCoordinator.swift in Sources */ = {isa = PBXBuildFile; fileRef = F303F272225CCB7500A11FAF /* SettingViewCoordinator.swift */; };
		F303F275225CCBA100A11FAF /* SettingViewController.swift in Sources */ = {isa = PBXBuildFile; fileRef = F303F274225CCBA100A11FAF /* SettingViewController.swift */; };
		F303F277225CCBA600A11FAF /* SettingView.swift in Sources */ = {isa = PBXBuildFile; fileRef = F303F276225CCBA600A11FAF /* SettingView.swift */; };
		F303F279225CCCE300A11FAF /* SettingViewReactor.swift in Sources */ = {isa = PBXBuildFile; fileRef = F303F278225CCCE300A11FAF /* SettingViewReactor.swift */; };
		F303F27B225CCE1600A11FAF /* ProductivityViewController.swift in Sources */ = {isa = PBXBuildFile; fileRef = F303F27A225CCE1600A11FAF /* ProductivityViewController.swift */; };
		F303F27D225CCE2400A11FAF /* ProductivityView.swift in Sources */ = {isa = PBXBuildFile; fileRef = F303F27C225CCE2400A11FAF /* ProductivityView.swift */; };
		F303F27F225CCE7100A11FAF /* ProductivityViewReactor.swift in Sources */ = {isa = PBXBuildFile; fileRef = F303F27E225CCE7100A11FAF /* ProductivityViewReactor.swift */; };
		F303F281225CCE9D00A11FAF /* ProductivityViewCoordinator.swift in Sources */ = {isa = PBXBuildFile; fileRef = F303F280225CCE9D00A11FAF /* ProductivityViewCoordinator.swift */; };
		F303F283225CD51400A11FAF /* MainViewController.swift in Sources */ = {isa = PBXBuildFile; fileRef = F303F282225CD51400A11FAF /* MainViewController.swift */; };
		F303F285225CD53A00A11FAF /* MainViewCoordinator.swift in Sources */ = {isa = PBXBuildFile; fileRef = F303F284225CD53A00A11FAF /* MainViewCoordinator.swift */; };
		F309F97822E9883100C280A0 /* TimerOptionViewCoordinator.swift in Sources */ = {isa = PBXBuildFile; fileRef = F309F97422E9883100C280A0 /* TimerOptionViewCoordinator.swift */; };
		F309F97922E9883100C280A0 /* TimerOptionViewReactor.swift in Sources */ = {isa = PBXBuildFile; fileRef = F309F97522E9883100C280A0 /* TimerOptionViewReactor.swift */; };
		F309F97B22E9883100C280A0 /* TimerOptionView.swift in Sources */ = {isa = PBXBuildFile; fileRef = F309F97722E9883100C280A0 /* TimerOptionView.swift */; };
		F31CD7B922F7479F0038A2DE /* TimerInputView.swift in Sources */ = {isa = PBXBuildFile; fileRef = F31CD7B822F7479F0038A2DE /* TimerInputView.swift */; };
		F3282C9722F30D2200824F8A /* UITextField+rx.swift in Sources */ = {isa = PBXBuildFile; fileRef = F3282C9622F30D2200824F8A /* UITextField+rx.swift */; };
		F334090022D0D8E2008661EC /* TimerBadgeCollectionView.swift in Sources */ = {isa = PBXBuildFile; fileRef = F33408FF22D0D8E2008661EC /* TimerBadgeCollectionView.swift */; };
		F334090522D3623F008661EC /* TimerBadgeAddCollectionViewCell.swift in Sources */ = {isa = PBXBuildFile; fileRef = F334090422D3623F008661EC /* TimerBadgeAddCollectionViewCell.swift */; };
		F334090722D3A139008661EC /* TimerBadgeViewReactor.swift in Sources */ = {isa = PBXBuildFile; fileRef = F334090622D3A139008661EC /* TimerBadgeViewReactor.swift */; };
		F33C6AB42291612E00FC461A /* CommonHeader.swift in Sources */ = {isa = PBXBuildFile; fileRef = F33C6AB32291612E00FC461A /* CommonHeader.swift */; };
		F33C6AB62291678300FC461A /* CALayer+border.swift in Sources */ = {isa = PBXBuildFile; fileRef = F33C6AB52291678300FC461A /* CALayer+border.swift */; };
		F352034E227FCD0E00E05E2E /* CheckBox.swift in Sources */ = {isa = PBXBuildFile; fileRef = F352034D227FCD0E00E05E2E /* CheckBox.swift */; };
		F35203502280524300E05E2E /* UIViewController+rx.swift in Sources */ = {isa = PBXBuildFile; fileRef = F352034F2280524300E05E2E /* UIViewController+rx.swift */; };
		F37041C9226B65550012EA16 /* TimerInfo.swift in Sources */ = {isa = PBXBuildFile; fileRef = F37041C8226B65550012EA16 /* TimerInfo.swift */; };
		F37041CB226B81B00012EA16 /* TimeSet.swift in Sources */ = {isa = PBXBuildFile; fileRef = F37041CA226B81B00012EA16 /* TimeSet.swift */; };
		F37041CD226C35B80012EA16 /* TimeSetInfo.swift in Sources */ = {isa = PBXBuildFile; fileRef = F37041CC226C35B80012EA16 /* TimeSetInfo.swift */; };
		F373CCD42265F995007ECCA0 /* TimeSetService.swift in Sources */ = {isa = PBXBuildFile; fileRef = F373CCD32265F995007ECCA0 /* TimeSetService.swift */; };
		F373CCD62265FA33007ECCA0 /* TMTimer.swift in Sources */ = {isa = PBXBuildFile; fileRef = F373CCD52265FA33007ECCA0 /* TMTimer.swift */; };
		F37AF0E622F8211800509F5F /* AlertBuilder.swift in Sources */ = {isa = PBXBuildFile; fileRef = F37AF0E522F8211800509F5F /* AlertBuilder.swift */; };
		F38702AF22F899C50099241C /* ConfirmHeader.swift in Sources */ = {isa = PBXBuildFile; fileRef = F38702AE22F899C50099241C /* ConfirmHeader.swift */; };
		F38702B722F970E80099241C /* TimeSetDetailViewCoordinator.swift in Sources */ = {isa = PBXBuildFile; fileRef = F38702B322F970E80099241C /* TimeSetDetailViewCoordinator.swift */; };
		F38702B822F970E80099241C /* TimeSetDetailViewReactor.swift in Sources */ = {isa = PBXBuildFile; fileRef = F38702B422F970E80099241C /* TimeSetDetailViewReactor.swift */; };
		F38702B922F970E80099241C /* TimeSetDetailViewController.swift in Sources */ = {isa = PBXBuildFile; fileRef = F38702B522F970E80099241C /* TimeSetDetailViewController.swift */; };
		F38702BA22F970E80099241C /* TimeSetDetailView.swift in Sources */ = {isa = PBXBuildFile; fileRef = F38702B622F970E80099241C /* TimeSetDetailView.swift */; };
		F387AF3022F18215002ABDB6 /* TimeSetSaveViewCoordinator.swift in Sources */ = {isa = PBXBuildFile; fileRef = F387AF2C22F18215002ABDB6 /* TimeSetSaveViewCoordinator.swift */; };
		F387AF3122F18215002ABDB6 /* TimeSetSaveViewReactor.swift in Sources */ = {isa = PBXBuildFile; fileRef = F387AF2D22F18215002ABDB6 /* TimeSetSaveViewReactor.swift */; };
		F387AF3222F18215002ABDB6 /* TimeSetSaveViewController.swift in Sources */ = {isa = PBXBuildFile; fileRef = F387AF2E22F18215002ABDB6 /* TimeSetSaveViewController.swift */; };
		F387AF3322F18215002ABDB6 /* TimeSetSaveView.swift in Sources */ = {isa = PBXBuildFile; fileRef = F387AF2F22F18215002ABDB6 /* TimeSetSaveView.swift */; };
		F389657722759BAA0043E177 /* TimerSetServiceTest.swift in Sources */ = {isa = PBXBuildFile; fileRef = F389657622759BAA0043E177 /* TimerSetServiceTest.swift */; };
		F3925ACC2281CA96005CE9DD /* TimerBadgeCollectionViewCell.swift in Sources */ = {isa = PBXBuildFile; fileRef = F3925ACB2281CA96005CE9DD /* TimerBadgeCollectionViewCell.swift */; };
		F399F6BE22E9937C00997E31 /* TimerOptionViewController.swift in Sources */ = {isa = PBXBuildFile; fileRef = F399F6BD22E9937C00997E31 /* TimerOptionViewController.swift */; };
		F3A1FACB229308D900CB4814 /* NanumSquareR.ttf in Resources */ = {isa = PBXBuildFile; fileRef = F3A1FAC7229308D900CB4814 /* NanumSquareR.ttf */; };
		F3A1FACC229308D900CB4814 /* NanumSquareL.ttf in Resources */ = {isa = PBXBuildFile; fileRef = F3A1FAC8229308D900CB4814 /* NanumSquareL.ttf */; };
		F3A1FACD229308D900CB4814 /* NanumSquareB.ttf in Resources */ = {isa = PBXBuildFile; fileRef = F3A1FAC9229308D900CB4814 /* NanumSquareB.ttf */; };
		F3A1FACE229308D900CB4814 /* NanumSquareEB.ttf in Resources */ = {isa = PBXBuildFile; fileRef = F3A1FACA229308D900CB4814 /* NanumSquareEB.ttf */; };
		F3AEA72D228B1A6300D563E0 /* TabBarAnimator.swift in Sources */ = {isa = PBXBuildFile; fileRef = F3AEA72C228B1A6300D563E0 /* TabBarAnimator.swift */; };
		F3AEA730228B1D7500D563E0 /* TabBarInteractor.swift in Sources */ = {isa = PBXBuildFile; fileRef = F3AEA72F228B1D7500D563E0 /* TabBarInteractor.swift */; };
		F3C1874A2261E66F00B2C644 /* CommonTableItem.swift in Sources */ = {isa = PBXBuildFile; fileRef = F3C187492261E66F00B2C644 /* CommonTableItem.swift */; };
		F3C1874C2261FB0900B2C644 /* CommonTableSeciton.swift in Sources */ = {isa = PBXBuildFile; fileRef = F3C1874B2261FB0900B2C644 /* CommonTableSeciton.swift */; };
		F3C1874E226204DF00B2C644 /* AppInfoViewController.swift in Sources */ = {isa = PBXBuildFile; fileRef = F3C1874D226204DF00B2C644 /* AppInfoViewController.swift */; };
		F3C18750226204EB00B2C644 /* AppInfoViewReactor.swift in Sources */ = {isa = PBXBuildFile; fileRef = F3C1874F226204EB00B2C644 /* AppInfoViewReactor.swift */; };
		F3C18752226204F700B2C644 /* AppInfoCoordinator.swift in Sources */ = {isa = PBXBuildFile; fileRef = F3C18751226204F700B2C644 /* AppInfoCoordinator.swift */; };
		F3C187542262052300B2C644 /* AppInfoView.swift in Sources */ = {isa = PBXBuildFile; fileRef = F3C187532262052300B2C644 /* AppInfoView.swift */; };
		F3C18756226306EC00B2C644 /* CoordinatorProtocol.swift in Sources */ = {isa = PBXBuildFile; fileRef = F3C18755226306EC00B2C644 /* CoordinatorProtocol.swift */; };
		F3C18758226318DB00B2C644 /* AppService.swift in Sources */ = {isa = PBXBuildFile; fileRef = F3C18757226318DB00B2C644 /* AppService.swift */; };
		F3C2E7B9228318C500C69FF2 /* TimerBadgeCellReactor.swift in Sources */ = {isa = PBXBuildFile; fileRef = F3C2E7B8228318C500C69FF2 /* TimerBadgeCellReactor.swift */; };
		F3CD184622F61776008DB221 /* FooterButton.swift in Sources */ = {isa = PBXBuildFile; fileRef = F3CD184522F61776008DB221 /* FooterButton.swift */; };
		F3D1F78C225CB6C1006DC162 /* AppDelegate.swift in Sources */ = {isa = PBXBuildFile; fileRef = F3D1F78B225CB6C1006DC162 /* AppDelegate.swift */; };
		F3D1F793225CB6C2006DC162 /* Assets.xcassets in Resources */ = {isa = PBXBuildFile; fileRef = F3D1F792225CB6C2006DC162 /* Assets.xcassets */; };
		F3D1F796225CB6C2006DC162 /* LaunchScreen.storyboard in Resources */ = {isa = PBXBuildFile; fileRef = F3D1F794225CB6C2006DC162 /* LaunchScreen.storyboard */; };
		F3D1F7A8225CC1CD006DC162 /* AppCoordinator.swift in Sources */ = {isa = PBXBuildFile; fileRef = F3D1F7A7225CC1CD006DC162 /* AppCoordinator.swift */; };
		F3D1F7AA225CC1E8006DC162 /* ServiceProvider.swift in Sources */ = {isa = PBXBuildFile; fileRef = F3D1F7A9225CC1E8006DC162 /* ServiceProvider.swift */; };
		F3D1F7AC225CC21A006DC162 /* IntroViewController.swift in Sources */ = {isa = PBXBuildFile; fileRef = F3D1F7AB225CC21A006DC162 /* IntroViewController.swift */; };
		F3D1F7AE225CC22E006DC162 /* IntroViewCoordinator.swift in Sources */ = {isa = PBXBuildFile; fileRef = F3D1F7AD225CC22E006DC162 /* IntroViewCoordinator.swift */; };
		F3D1F7B0225CC267006DC162 /* IntroViewReactor.swift in Sources */ = {isa = PBXBuildFile; fileRef = F3D1F7AF225CC267006DC162 /* IntroViewReactor.swift */; };
		F3D1F7B2225CC2A9006DC162 /* BaseViewController.swift in Sources */ = {isa = PBXBuildFile; fileRef = F3D1F7B1225CC2A9006DC162 /* BaseViewController.swift */; };
		F3D1F7B4225CC2CC006DC162 /* IntroView.swift in Sources */ = {isa = PBXBuildFile; fileRef = F3D1F7B3225CC2CC006DC162 /* IntroView.swift */; };
		F3D1F7BB225CC357006DC162 /* Primitive+adjust.swift in Sources */ = {isa = PBXBuildFile; fileRef = F3D1F7B6225CC357006DC162 /* Primitive+adjust.swift */; };
		F3D1F7BC225CC357006DC162 /* String+regex.swift in Sources */ = {isa = PBXBuildFile; fileRef = F3D1F7B7225CC357006DC162 /* String+regex.swift */; };
		F3D1F7BD225CC357006DC162 /* UIViewController+child.swift in Sources */ = {isa = PBXBuildFile; fileRef = F3D1F7B8225CC357006DC162 /* UIViewController+child.swift */; };
		F3D1F7BE225CC357006DC162 /* UIView+autolayout.swift in Sources */ = {isa = PBXBuildFile; fileRef = F3D1F7B9225CC357006DC162 /* UIView+autolayout.swift */; };
		F3D1F7BF225CC357006DC162 /* UIColor+hex.swift in Sources */ = {isa = PBXBuildFile; fileRef = F3D1F7BA225CC357006DC162 /* UIColor+hex.swift */; };
		F3D1F7C4225CC3D7006DC162 /* Logger.swift in Sources */ = {isa = PBXBuildFile; fileRef = F3D1F7C1225CC3D7006DC162 /* Logger.swift */; };
		F3D1F7C6225CC3D7006DC162 /* Functions.swift in Sources */ = {isa = PBXBuildFile; fileRef = F3D1F7C3225CC3D7006DC162 /* Functions.swift */; };
		F3D49924227F273E00AC4B2B /* KeyPad.swift in Sources */ = {isa = PBXBuildFile; fileRef = F3D49923227F273E00AC4B2B /* KeyPad.swift */; };
		F3E0C0A022EA153B005D9FA4 /* AlarmChangeViewController.swift in Sources */ = {isa = PBXBuildFile; fileRef = F3E0C09F22EA153B005D9FA4 /* AlarmChangeViewController.swift */; };
		F3E4383E226E0FEB00FA1246 /* EventStreamModelProtocol.swift in Sources */ = {isa = PBXBuildFile; fileRef = F3E4383D226E0FEB00FA1246 /* EventStreamModelProtocol.swift */; };
		F3E5C3522296E52000148139 /* UITabBar+height.swift in Sources */ = {isa = PBXBuildFile; fileRef = F3E5C3512296E52000148139 /* UITabBar+height.swift */; };
		F3F342AE226751A300A226C0 /* NotificationCenter.framework in Frameworks */ = {isa = PBXBuildFile; fileRef = F3F342AD226751A300A226C0 /* NotificationCenter.framework */; };
		F3F342B1226751A300A226C0 /* TodayViewController.swift in Sources */ = {isa = PBXBuildFile; fileRef = F3F342B0226751A300A226C0 /* TodayViewController.swift */; };
		F3F342B8226751A300A226C0 /* widget.appex in Embed App Extensions */ = {isa = PBXBuildFile; fileRef = F3F342AC226751A300A226C0 /* widget.appex */; settings = {ATTRIBUTES = (RemoveHeadersOnCopy, ); }; };
		F3F342C02267552100A226C0 /* TodayView.swift in Sources */ = {isa = PBXBuildFile; fileRef = F3F342BF2267552100A226C0 /* TodayView.swift */; };
		F3F65D7422CFAC77009C667B /* SharedTimeSetViewController.swift in Sources */ = {isa = PBXBuildFile; fileRef = F3F65D7322CFAC77009C667B /* SharedTimeSetViewController.swift */; };
		F3F65D7622CFACA5009C667B /* SharedTimeSetViewReactor.swift in Sources */ = {isa = PBXBuildFile; fileRef = F3F65D7522CFACA5009C667B /* SharedTimeSetViewReactor.swift */; };
		F3F65D7822CFACE4009C667B /* SharedTimeSetView.swift in Sources */ = {isa = PBXBuildFile; fileRef = F3F65D7722CFACE4009C667B /* SharedTimeSetView.swift */; };
		F3F65D7A22CFAD7E009C667B /* SharedTimeSetViewCoordinator.swift in Sources */ = {isa = PBXBuildFile; fileRef = F3F65D7922CFAD7E009C667B /* SharedTimeSetViewCoordinator.swift */; };
		F3F800A7226A0981003D1D88 /* Constants.swift in Sources */ = {isa = PBXBuildFile; fileRef = F3D1F7C2225CC3D7006DC162 /* Constants.swift */; };
		F3F800B1226A0C15003D1D88 /* Localizable.strings in Resources */ = {isa = PBXBuildFile; fileRef = F3F800B3226A0C15003D1D88 /* Localizable.strings */; };
		F3F800B6226A0D0F003D1D88 /* String+localized.swift in Sources */ = {isa = PBXBuildFile; fileRef = F3F800B5226A0D0F003D1D88 /* String+localized.swift */; };
		F3F800B7226A0D68003D1D88 /* String+localized.swift in Sources */ = {isa = PBXBuildFile; fileRef = F3F800B5226A0D0F003D1D88 /* String+localized.swift */; };
		F3F800B8226A0D79003D1D88 /* Constants.swift in Sources */ = {isa = PBXBuildFile; fileRef = F3D1F7C2225CC3D7006DC162 /* Constants.swift */; };
		F3F800B9226A107B003D1D88 /* Localizable.strings in Resources */ = {isa = PBXBuildFile; fileRef = F3F800B3226A0C15003D1D88 /* Localizable.strings */; };
		F3F800BA226A1109003D1D88 /* Primitive+adjust.swift in Sources */ = {isa = PBXBuildFile; fileRef = F3D1F7B6225CC357006DC162 /* Primitive+adjust.swift */; };
		F3F800BB226A2CFE003D1D88 /* Logger.swift in Sources */ = {isa = PBXBuildFile; fileRef = F3D1F7C1225CC3D7006DC162 /* Logger.swift */; };
		F3F800BC226A2D19003D1D88 /* UIColor+hex.swift in Sources */ = {isa = PBXBuildFile; fileRef = F3D1F7BA225CC357006DC162 /* UIColor+hex.swift */; };
		F3F800BD226A2D1B003D1D88 /* UIView+autolayout.swift in Sources */ = {isa = PBXBuildFile; fileRef = F3D1F7B9225CC357006DC162 /* UIView+autolayout.swift */; };
		F3FBFFE722F420B6001E369E /* Footer.swift in Sources */ = {isa = PBXBuildFile; fileRef = F3FBFFE622F420B6001E369E /* Footer.swift */; };
/* End PBXBuildFile section */

/* Begin PBXContainerItemProxy section */
		F389657922759BAA0043E177 /* PBXContainerItemProxy */ = {
			isa = PBXContainerItemProxy;
			containerPortal = F3D1F780225CB6C1006DC162 /* Project object */;
			proxyType = 1;
			remoteGlobalIDString = F3D1F787225CB6C1006DC162;
			remoteInfo = timer;
		};
		F3F342B6226751A300A226C0 /* PBXContainerItemProxy */ = {
			isa = PBXContainerItemProxy;
			containerPortal = F3D1F780225CB6C1006DC162 /* Project object */;
			proxyType = 1;
			remoteGlobalIDString = F3F342AB226751A300A226C0;
			remoteInfo = widget;
		};
/* End PBXContainerItemProxy section */

/* Begin PBXCopyFilesBuildPhase section */
		F3F342BC226751A300A226C0 /* Embed App Extensions */ = {
			isa = PBXCopyFilesBuildPhase;
			buildActionMask = 2147483647;
			dstPath = "";
			dstSubfolderSpec = 13;
			files = (
				F3F342B8226751A300A226C0 /* widget.appex in Embed App Extensions */,
			);
			name = "Embed App Extensions";
			runOnlyForDeploymentPostprocessing = 0;
		};
/* End PBXCopyFilesBuildPhase section */

/* Begin PBXFileReference section */
		024E0A6DB88C102F5B7ADDBF /* Pods-widget.debug.xcconfig */ = {isa = PBXFileReference; includeInIndex = 1; lastKnownFileType = text.xcconfig; name = "Pods-widget.debug.xcconfig"; path = "Target Support Files/Pods-widget/Pods-widget.debug.xcconfig"; sourceTree = "<group>"; };
		08C6E86474A099E3080F5433 /* Pods_widget.framework */ = {isa = PBXFileReference; explicitFileType = wrapper.framework; includeInIndex = 0; path = Pods_widget.framework; sourceTree = BUILT_PRODUCTS_DIR; };
		192FFC2A400F1A0E57C22E1D /* Pods_timer.framework */ = {isa = PBXFileReference; explicitFileType = wrapper.framework; includeInIndex = 0; path = Pods_timer.framework; sourceTree = BUILT_PRODUCTS_DIR; };
		2B3400BA80561FC45BF0C4C9 /* Pods-test.debug.xcconfig */ = {isa = PBXFileReference; includeInIndex = 1; lastKnownFileType = text.xcconfig; name = "Pods-test.debug.xcconfig"; path = "Target Support Files/Pods-test/Pods-test.debug.xcconfig"; sourceTree = "<group>"; };
		488658218883DE882F12C592 /* Pods-widget.release.xcconfig */ = {isa = PBXFileReference; includeInIndex = 1; lastKnownFileType = text.xcconfig; name = "Pods-widget.release.xcconfig"; path = "Target Support Files/Pods-widget/Pods-widget.release.xcconfig"; sourceTree = "<group>"; };
		57FF53C06D2C2D3BFB2E3F1F /* Pods_test.framework */ = {isa = PBXFileReference; explicitFileType = wrapper.framework; includeInIndex = 0; path = Pods_test.framework; sourceTree = BUILT_PRODUCTS_DIR; };
		8DAA476B776A79A887A8BAB2 /* Pods-timer.debug.xcconfig */ = {isa = PBXFileReference; includeInIndex = 1; lastKnownFileType = text.xcconfig; name = "Pods-timer.debug.xcconfig"; path = "Target Support Files/Pods-timer/Pods-timer.debug.xcconfig"; sourceTree = "<group>"; };
		CE6A02A59E76AD65231ABF66 /* Pods-test.release.xcconfig */ = {isa = PBXFileReference; includeInIndex = 1; lastKnownFileType = text.xcconfig; name = "Pods-test.release.xcconfig"; path = "Target Support Files/Pods-test/Pods-test.release.xcconfig"; sourceTree = "<group>"; };
		E30573896E44ECFDC130A951 /* Pods-timer.release.xcconfig */ = {isa = PBXFileReference; includeInIndex = 1; lastKnownFileType = text.xcconfig; name = "Pods-timer.release.xcconfig"; path = "Target Support Files/Pods-timer/Pods-timer.release.xcconfig"; sourceTree = "<group>"; };
		F302608722EB674100E3E431 /* AlarmChangeTableViewCell.swift */ = {isa = PBXFileReference; lastKnownFileType = sourcecode.swift; path = AlarmChangeTableViewCell.swift; sourceTree = "<group>"; };
		F302608922EC86F500E3E431 /* AlarmChangeViewReactor.swift */ = {isa = PBXFileReference; lastKnownFileType = sourcecode.swift; path = AlarmChangeViewReactor.swift; sourceTree = "<group>"; };
		F302608C22EC87C300E3E431 /* AlarmChangeView.swift */ = {isa = PBXFileReference; lastKnownFileType = sourcecode.swift; path = AlarmChangeView.swift; sourceTree = "<group>"; };
		F302608E22EEAFC300E3E431 /* TMTabBar.swift */ = {isa = PBXFileReference; lastKnownFileType = sourcecode.swift; path = TMTabBar.swift; sourceTree = "<group>"; };
		F302609022EEB89600E3E431 /* TMTabBarItem.swift */ = {isa = PBXFileReference; lastKnownFileType = sourcecode.swift; path = TMTabBarItem.swift; sourceTree = "<group>"; };
		F303F266225CC9E900A11FAF /* RootViewController.swift */ = {isa = PBXFileReference; lastKnownFileType = sourcecode.swift; path = RootViewController.swift; sourceTree = "<group>"; };
		F303F26A225CCADB00A11FAF /* LocalTimeSetViewController.swift */ = {isa = PBXFileReference; lastKnownFileType = sourcecode.swift; path = LocalTimeSetViewController.swift; sourceTree = "<group>"; };
		F303F26C225CCAE400A11FAF /* LocalTimeSetViewReactor.swift */ = {isa = PBXFileReference; lastKnownFileType = sourcecode.swift; path = LocalTimeSetViewReactor.swift; sourceTree = "<group>"; };
		F303F26E225CCAF500A11FAF /* LocalTimeSetView.swift */ = {isa = PBXFileReference; lastKnownFileType = sourcecode.swift; path = LocalTimeSetView.swift; sourceTree = "<group>"; };
		F303F270225CCB6A00A11FAF /* LocalTimeSetViewCoordinator.swift */ = {isa = PBXFileReference; lastKnownFileType = sourcecode.swift; path = LocalTimeSetViewCoordinator.swift; sourceTree = "<group>"; };
		F303F272225CCB7500A11FAF /* SettingViewCoordinator.swift */ = {isa = PBXFileReference; lastKnownFileType = sourcecode.swift; path = SettingViewCoordinator.swift; sourceTree = "<group>"; };
		F303F274225CCBA100A11FAF /* SettingViewController.swift */ = {isa = PBXFileReference; lastKnownFileType = sourcecode.swift; path = SettingViewController.swift; sourceTree = "<group>"; };
		F303F276225CCBA600A11FAF /* SettingView.swift */ = {isa = PBXFileReference; lastKnownFileType = sourcecode.swift; path = SettingView.swift; sourceTree = "<group>"; };
		F303F278225CCCE300A11FAF /* SettingViewReactor.swift */ = {isa = PBXFileReference; lastKnownFileType = sourcecode.swift; path = SettingViewReactor.swift; sourceTree = "<group>"; };
		F303F27A225CCE1600A11FAF /* ProductivityViewController.swift */ = {isa = PBXFileReference; lastKnownFileType = sourcecode.swift; path = ProductivityViewController.swift; sourceTree = "<group>"; };
		F303F27C225CCE2400A11FAF /* ProductivityView.swift */ = {isa = PBXFileReference; lastKnownFileType = sourcecode.swift; path = ProductivityView.swift; sourceTree = "<group>"; };
		F303F27E225CCE7100A11FAF /* ProductivityViewReactor.swift */ = {isa = PBXFileReference; lastKnownFileType = sourcecode.swift; path = ProductivityViewReactor.swift; sourceTree = "<group>"; };
		F303F280225CCE9D00A11FAF /* ProductivityViewCoordinator.swift */ = {isa = PBXFileReference; lastKnownFileType = sourcecode.swift; path = ProductivityViewCoordinator.swift; sourceTree = "<group>"; };
		F303F282225CD51400A11FAF /* MainViewController.swift */ = {isa = PBXFileReference; lastKnownFileType = sourcecode.swift; path = MainViewController.swift; sourceTree = "<group>"; };
		F303F284225CD53A00A11FAF /* MainViewCoordinator.swift */ = {isa = PBXFileReference; lastKnownFileType = sourcecode.swift; path = MainViewCoordinator.swift; sourceTree = "<group>"; };
		F309F97422E9883100C280A0 /* TimerOptionViewCoordinator.swift */ = {isa = PBXFileReference; lastKnownFileType = sourcecode.swift; name = TimerOptionViewCoordinator.swift; path = Main/TimerOptionViewCoordinator.swift; sourceTree = "<group>"; };
		F309F97522E9883100C280A0 /* TimerOptionViewReactor.swift */ = {isa = PBXFileReference; lastKnownFileType = sourcecode.swift; path = TimerOptionViewReactor.swift; sourceTree = "<group>"; };
		F309F97722E9883100C280A0 /* TimerOptionView.swift */ = {isa = PBXFileReference; lastKnownFileType = sourcecode.swift; path = TimerOptionView.swift; sourceTree = "<group>"; };
		F31CD7B822F7479F0038A2DE /* TimerInputView.swift */ = {isa = PBXFileReference; lastKnownFileType = sourcecode.swift; path = TimerInputView.swift; sourceTree = "<group>"; };
		F3282C9622F30D2200824F8A /* UITextField+rx.swift */ = {isa = PBXFileReference; lastKnownFileType = sourcecode.swift; path = "UITextField+rx.swift"; sourceTree = "<group>"; };
		F33408FF22D0D8E2008661EC /* TimerBadgeCollectionView.swift */ = {isa = PBXFileReference; lastKnownFileType = sourcecode.swift; path = TimerBadgeCollectionView.swift; sourceTree = "<group>"; };
		F334090422D3623F008661EC /* TimerBadgeAddCollectionViewCell.swift */ = {isa = PBXFileReference; lastKnownFileType = sourcecode.swift; path = TimerBadgeAddCollectionViewCell.swift; sourceTree = "<group>"; };
		F334090622D3A139008661EC /* TimerBadgeViewReactor.swift */ = {isa = PBXFileReference; lastKnownFileType = sourcecode.swift; path = TimerBadgeViewReactor.swift; sourceTree = "<group>"; };
		F33C6AB32291612E00FC461A /* CommonHeader.swift */ = {isa = PBXFileReference; lastKnownFileType = sourcecode.swift; path = CommonHeader.swift; sourceTree = "<group>"; };
		F33C6AB52291678300FC461A /* CALayer+border.swift */ = {isa = PBXFileReference; lastKnownFileType = sourcecode.swift; path = "CALayer+border.swift"; sourceTree = "<group>"; };
		F352034D227FCD0E00E05E2E /* CheckBox.swift */ = {isa = PBXFileReference; lastKnownFileType = sourcecode.swift; path = CheckBox.swift; sourceTree = "<group>"; };
		F352034F2280524300E05E2E /* UIViewController+rx.swift */ = {isa = PBXFileReference; lastKnownFileType = sourcecode.swift; path = "UIViewController+rx.swift"; sourceTree = "<group>"; };
		F37041C8226B65550012EA16 /* TimerInfo.swift */ = {isa = PBXFileReference; lastKnownFileType = sourcecode.swift; path = TimerInfo.swift; sourceTree = "<group>"; };
		F37041CA226B81B00012EA16 /* TimeSet.swift */ = {isa = PBXFileReference; lastKnownFileType = sourcecode.swift; path = TimeSet.swift; sourceTree = "<group>"; };
		F37041CC226C35B80012EA16 /* TimeSetInfo.swift */ = {isa = PBXFileReference; lastKnownFileType = sourcecode.swift; path = TimeSetInfo.swift; sourceTree = "<group>"; };
		F373CCD32265F995007ECCA0 /* TimeSetService.swift */ = {isa = PBXFileReference; lastKnownFileType = sourcecode.swift; path = TimeSetService.swift; sourceTree = "<group>"; };
		F373CCD52265FA33007ECCA0 /* TMTimer.swift */ = {isa = PBXFileReference; lastKnownFileType = sourcecode.swift; path = TMTimer.swift; sourceTree = "<group>"; };
		F37AF0E522F8211800509F5F /* AlertBuilder.swift */ = {isa = PBXFileReference; lastKnownFileType = sourcecode.swift; path = AlertBuilder.swift; sourceTree = "<group>"; };
		F38702AE22F899C50099241C /* ConfirmHeader.swift */ = {isa = PBXFileReference; lastKnownFileType = sourcecode.swift; path = ConfirmHeader.swift; sourceTree = "<group>"; };
		F38702B322F970E80099241C /* TimeSetDetailViewCoordinator.swift */ = {isa = PBXFileReference; lastKnownFileType = sourcecode.swift; path = TimeSetDetailViewCoordinator.swift; sourceTree = "<group>"; };
		F38702B422F970E80099241C /* TimeSetDetailViewReactor.swift */ = {isa = PBXFileReference; lastKnownFileType = sourcecode.swift; path = TimeSetDetailViewReactor.swift; sourceTree = "<group>"; };
		F38702B522F970E80099241C /* TimeSetDetailViewController.swift */ = {isa = PBXFileReference; lastKnownFileType = sourcecode.swift; path = TimeSetDetailViewController.swift; sourceTree = "<group>"; };
		F38702B622F970E80099241C /* TimeSetDetailView.swift */ = {isa = PBXFileReference; lastKnownFileType = sourcecode.swift; path = TimeSetDetailView.swift; sourceTree = "<group>"; };
		F387AF2C22F18215002ABDB6 /* TimeSetSaveViewCoordinator.swift */ = {isa = PBXFileReference; lastKnownFileType = sourcecode.swift; path = TimeSetSaveViewCoordinator.swift; sourceTree = "<group>"; };
		F387AF2D22F18215002ABDB6 /* TimeSetSaveViewReactor.swift */ = {isa = PBXFileReference; lastKnownFileType = sourcecode.swift; path = TimeSetSaveViewReactor.swift; sourceTree = "<group>"; };
		F387AF2E22F18215002ABDB6 /* TimeSetSaveViewController.swift */ = {isa = PBXFileReference; lastKnownFileType = sourcecode.swift; path = TimeSetSaveViewController.swift; sourceTree = "<group>"; };
		F387AF2F22F18215002ABDB6 /* TimeSetSaveView.swift */ = {isa = PBXFileReference; lastKnownFileType = sourcecode.swift; path = TimeSetSaveView.swift; sourceTree = "<group>"; };
		F389657422759BAA0043E177 /* test.xctest */ = {isa = PBXFileReference; explicitFileType = wrapper.cfbundle; includeInIndex = 0; path = test.xctest; sourceTree = BUILT_PRODUCTS_DIR; };
		F389657622759BAA0043E177 /* TimerSetServiceTest.swift */ = {isa = PBXFileReference; lastKnownFileType = sourcecode.swift; path = TimerSetServiceTest.swift; sourceTree = "<group>"; };
		F389657822759BAA0043E177 /* Info.plist */ = {isa = PBXFileReference; lastKnownFileType = text.plist.xml; path = Info.plist; sourceTree = "<group>"; };
		F3925ACB2281CA96005CE9DD /* TimerBadgeCollectionViewCell.swift */ = {isa = PBXFileReference; lastKnownFileType = sourcecode.swift; path = TimerBadgeCollectionViewCell.swift; sourceTree = "<group>"; };
		F399F6BD22E9937C00997E31 /* TimerOptionViewController.swift */ = {isa = PBXFileReference; lastKnownFileType = sourcecode.swift; path = TimerOptionViewController.swift; sourceTree = "<group>"; };
		F3A1FAC7229308D900CB4814 /* NanumSquareR.ttf */ = {isa = PBXFileReference; lastKnownFileType = file; path = NanumSquareR.ttf; sourceTree = "<group>"; };
		F3A1FAC8229308D900CB4814 /* NanumSquareL.ttf */ = {isa = PBXFileReference; lastKnownFileType = file; path = NanumSquareL.ttf; sourceTree = "<group>"; };
		F3A1FAC9229308D900CB4814 /* NanumSquareB.ttf */ = {isa = PBXFileReference; lastKnownFileType = file; path = NanumSquareB.ttf; sourceTree = "<group>"; };
		F3A1FACA229308D900CB4814 /* NanumSquareEB.ttf */ = {isa = PBXFileReference; lastKnownFileType = file; path = NanumSquareEB.ttf; sourceTree = "<group>"; };
		F3AEA72C228B1A6300D563E0 /* TabBarAnimator.swift */ = {isa = PBXFileReference; lastKnownFileType = sourcecode.swift; path = TabBarAnimator.swift; sourceTree = "<group>"; };
		F3AEA72F228B1D7500D563E0 /* TabBarInteractor.swift */ = {isa = PBXFileReference; lastKnownFileType = sourcecode.swift; path = TabBarInteractor.swift; sourceTree = "<group>"; };
		F3C187492261E66F00B2C644 /* CommonTableItem.swift */ = {isa = PBXFileReference; lastKnownFileType = sourcecode.swift; path = CommonTableItem.swift; sourceTree = "<group>"; };
		F3C1874B2261FB0900B2C644 /* CommonTableSeciton.swift */ = {isa = PBXFileReference; lastKnownFileType = sourcecode.swift; path = CommonTableSeciton.swift; sourceTree = "<group>"; };
		F3C1874D226204DF00B2C644 /* AppInfoViewController.swift */ = {isa = PBXFileReference; lastKnownFileType = sourcecode.swift; path = AppInfoViewController.swift; sourceTree = "<group>"; };
		F3C1874F226204EB00B2C644 /* AppInfoViewReactor.swift */ = {isa = PBXFileReference; lastKnownFileType = sourcecode.swift; path = AppInfoViewReactor.swift; sourceTree = "<group>"; };
		F3C18751226204F700B2C644 /* AppInfoCoordinator.swift */ = {isa = PBXFileReference; lastKnownFileType = sourcecode.swift; path = AppInfoCoordinator.swift; sourceTree = "<group>"; };
		F3C187532262052300B2C644 /* AppInfoView.swift */ = {isa = PBXFileReference; lastKnownFileType = sourcecode.swift; path = AppInfoView.swift; sourceTree = "<group>"; };
		F3C18755226306EC00B2C644 /* CoordinatorProtocol.swift */ = {isa = PBXFileReference; lastKnownFileType = sourcecode.swift; path = CoordinatorProtocol.swift; sourceTree = "<group>"; };
		F3C18757226318DB00B2C644 /* AppService.swift */ = {isa = PBXFileReference; lastKnownFileType = sourcecode.swift; path = AppService.swift; sourceTree = "<group>"; };
		F3C2E7B8228318C500C69FF2 /* TimerBadgeCellReactor.swift */ = {isa = PBXFileReference; lastKnownFileType = sourcecode.swift; path = TimerBadgeCellReactor.swift; sourceTree = "<group>"; };
		F3CD184522F61776008DB221 /* FooterButton.swift */ = {isa = PBXFileReference; lastKnownFileType = sourcecode.swift; path = FooterButton.swift; sourceTree = "<group>"; };
		F3D1F788225CB6C1006DC162 /* timer.app */ = {isa = PBXFileReference; explicitFileType = wrapper.application; includeInIndex = 0; path = timer.app; sourceTree = BUILT_PRODUCTS_DIR; };
		F3D1F78B225CB6C1006DC162 /* AppDelegate.swift */ = {isa = PBXFileReference; lastKnownFileType = sourcecode.swift; path = AppDelegate.swift; sourceTree = "<group>"; };
		F3D1F792225CB6C2006DC162 /* Assets.xcassets */ = {isa = PBXFileReference; lastKnownFileType = folder.assetcatalog; path = Assets.xcassets; sourceTree = "<group>"; };
		F3D1F795225CB6C2006DC162 /* Base */ = {isa = PBXFileReference; lastKnownFileType = file.storyboard; name = Base; path = Base.lproj/LaunchScreen.storyboard; sourceTree = "<group>"; };
		F3D1F797225CB6C2006DC162 /* Info.plist */ = {isa = PBXFileReference; lastKnownFileType = text.plist.xml; path = Info.plist; sourceTree = "<group>"; };
		F3D1F7A7225CC1CD006DC162 /* AppCoordinator.swift */ = {isa = PBXFileReference; lastKnownFileType = sourcecode.swift; path = AppCoordinator.swift; sourceTree = "<group>"; };
		F3D1F7A9225CC1E8006DC162 /* ServiceProvider.swift */ = {isa = PBXFileReference; lastKnownFileType = sourcecode.swift; path = ServiceProvider.swift; sourceTree = "<group>"; };
		F3D1F7AB225CC21A006DC162 /* IntroViewController.swift */ = {isa = PBXFileReference; lastKnownFileType = sourcecode.swift; path = IntroViewController.swift; sourceTree = "<group>"; };
		F3D1F7AD225CC22E006DC162 /* IntroViewCoordinator.swift */ = {isa = PBXFileReference; lastKnownFileType = sourcecode.swift; path = IntroViewCoordinator.swift; sourceTree = "<group>"; };
		F3D1F7AF225CC267006DC162 /* IntroViewReactor.swift */ = {isa = PBXFileReference; lastKnownFileType = sourcecode.swift; path = IntroViewReactor.swift; sourceTree = "<group>"; };
		F3D1F7B1225CC2A9006DC162 /* BaseViewController.swift */ = {isa = PBXFileReference; lastKnownFileType = sourcecode.swift; path = BaseViewController.swift; sourceTree = "<group>"; };
		F3D1F7B3225CC2CC006DC162 /* IntroView.swift */ = {isa = PBXFileReference; lastKnownFileType = sourcecode.swift; path = IntroView.swift; sourceTree = "<group>"; };
		F3D1F7B6225CC357006DC162 /* Primitive+adjust.swift */ = {isa = PBXFileReference; fileEncoding = 4; lastKnownFileType = sourcecode.swift; path = "Primitive+adjust.swift"; sourceTree = "<group>"; };
		F3D1F7B7225CC357006DC162 /* String+regex.swift */ = {isa = PBXFileReference; fileEncoding = 4; lastKnownFileType = sourcecode.swift; path = "String+regex.swift"; sourceTree = "<group>"; };
		F3D1F7B8225CC357006DC162 /* UIViewController+child.swift */ = {isa = PBXFileReference; fileEncoding = 4; lastKnownFileType = sourcecode.swift; path = "UIViewController+child.swift"; sourceTree = "<group>"; };
		F3D1F7B9225CC357006DC162 /* UIView+autolayout.swift */ = {isa = PBXFileReference; fileEncoding = 4; lastKnownFileType = sourcecode.swift; path = "UIView+autolayout.swift"; sourceTree = "<group>"; };
		F3D1F7BA225CC357006DC162 /* UIColor+hex.swift */ = {isa = PBXFileReference; fileEncoding = 4; lastKnownFileType = sourcecode.swift; path = "UIColor+hex.swift"; sourceTree = "<group>"; };
		F3D1F7C1225CC3D7006DC162 /* Logger.swift */ = {isa = PBXFileReference; fileEncoding = 4; lastKnownFileType = sourcecode.swift; path = Logger.swift; sourceTree = "<group>"; };
		F3D1F7C2225CC3D7006DC162 /* Constants.swift */ = {isa = PBXFileReference; fileEncoding = 4; lastKnownFileType = sourcecode.swift; path = Constants.swift; sourceTree = "<group>"; };
		F3D1F7C3225CC3D7006DC162 /* Functions.swift */ = {isa = PBXFileReference; fileEncoding = 4; lastKnownFileType = sourcecode.swift; path = Functions.swift; sourceTree = "<group>"; };
		F3D49923227F273E00AC4B2B /* KeyPad.swift */ = {isa = PBXFileReference; lastKnownFileType = sourcecode.swift; path = KeyPad.swift; sourceTree = "<group>"; };
		F3E0C09F22EA153B005D9FA4 /* AlarmChangeViewController.swift */ = {isa = PBXFileReference; lastKnownFileType = sourcecode.swift; path = AlarmChangeViewController.swift; sourceTree = "<group>"; };
		F3E4383D226E0FEB00FA1246 /* EventStreamModelProtocol.swift */ = {isa = PBXFileReference; lastKnownFileType = sourcecode.swift; path = EventStreamModelProtocol.swift; sourceTree = "<group>"; };
		F3E4383F227421FF00FA1246 /* timer.entitlements */ = {isa = PBXFileReference; lastKnownFileType = text.plist.entitlements; name = timer.entitlements; path = timer/timer.entitlements; sourceTree = "<group>"; };
		F3E438402274220500FA1246 /* widget.entitlements */ = {isa = PBXFileReference; lastKnownFileType = text.plist.entitlements; path = widget.entitlements; sourceTree = "<group>"; };
		F3E5C3512296E52000148139 /* UITabBar+height.swift */ = {isa = PBXFileReference; lastKnownFileType = sourcecode.swift; path = "UITabBar+height.swift"; sourceTree = "<group>"; };
		F3F342AC226751A300A226C0 /* widget.appex */ = {isa = PBXFileReference; explicitFileType = "wrapper.app-extension"; includeInIndex = 0; path = widget.appex; sourceTree = BUILT_PRODUCTS_DIR; };
		F3F342AD226751A300A226C0 /* NotificationCenter.framework */ = {isa = PBXFileReference; lastKnownFileType = wrapper.framework; name = NotificationCenter.framework; path = System/Library/Frameworks/NotificationCenter.framework; sourceTree = SDKROOT; };
		F3F342B0226751A300A226C0 /* TodayViewController.swift */ = {isa = PBXFileReference; lastKnownFileType = sourcecode.swift; path = TodayViewController.swift; sourceTree = "<group>"; };
		F3F342B5226751A300A226C0 /* Info.plist */ = {isa = PBXFileReference; lastKnownFileType = text.plist.xml; path = Info.plist; sourceTree = "<group>"; };
		F3F342BF2267552100A226C0 /* TodayView.swift */ = {isa = PBXFileReference; lastKnownFileType = sourcecode.swift; path = TodayView.swift; sourceTree = "<group>"; };
		F3F65D7322CFAC77009C667B /* SharedTimeSetViewController.swift */ = {isa = PBXFileReference; lastKnownFileType = sourcecode.swift; path = SharedTimeSetViewController.swift; sourceTree = "<group>"; };
		F3F65D7522CFACA5009C667B /* SharedTimeSetViewReactor.swift */ = {isa = PBXFileReference; lastKnownFileType = sourcecode.swift; path = SharedTimeSetViewReactor.swift; sourceTree = "<group>"; };
		F3F65D7722CFACE4009C667B /* SharedTimeSetView.swift */ = {isa = PBXFileReference; lastKnownFileType = sourcecode.swift; path = SharedTimeSetView.swift; sourceTree = "<group>"; };
		F3F65D7922CFAD7E009C667B /* SharedTimeSetViewCoordinator.swift */ = {isa = PBXFileReference; lastKnownFileType = sourcecode.swift; path = SharedTimeSetViewCoordinator.swift; sourceTree = "<group>"; };
		F3F800B2226A0C15003D1D88 /* en */ = {isa = PBXFileReference; lastKnownFileType = text.plist.strings; name = en; path = en.lproj/Localizable.strings; sourceTree = "<group>"; };
		F3F800B4226A0C3F003D1D88 /* ko */ = {isa = PBXFileReference; lastKnownFileType = text.plist.strings; name = ko; path = ko.lproj/Localizable.strings; sourceTree = "<group>"; };
		F3F800B5226A0D0F003D1D88 /* String+localized.swift */ = {isa = PBXFileReference; lastKnownFileType = sourcecode.swift; path = "String+localized.swift"; sourceTree = "<group>"; };
		F3FBFFE622F420B6001E369E /* Footer.swift */ = {isa = PBXFileReference; lastKnownFileType = sourcecode.swift; path = Footer.swift; sourceTree = "<group>"; };
/* End PBXFileReference section */

/* Begin PBXFrameworksBuildPhase section */
		F389657122759BAA0043E177 /* Frameworks */ = {
			isa = PBXFrameworksBuildPhase;
			buildActionMask = 2147483647;
			files = (
				1236FB8BB1172A8260339148 /* Pods_test.framework in Frameworks */,
			);
			runOnlyForDeploymentPostprocessing = 0;
		};
		F3D1F785225CB6C1006DC162 /* Frameworks */ = {
			isa = PBXFrameworksBuildPhase;
			buildActionMask = 2147483647;
			files = (
				D282A18CB74B075521AEDD44 /* Pods_timer.framework in Frameworks */,
			);
			runOnlyForDeploymentPostprocessing = 0;
		};
		F3F342A9226751A300A226C0 /* Frameworks */ = {
			isa = PBXFrameworksBuildPhase;
			buildActionMask = 2147483647;
			files = (
				F3F342AE226751A300A226C0 /* NotificationCenter.framework in Frameworks */,
				62F447025DA9571328264AAF /* Pods_widget.framework in Frameworks */,
			);
			runOnlyForDeploymentPostprocessing = 0;
		};
/* End PBXFrameworksBuildPhase section */

/* Begin PBXGroup section */
		148CF5699B4175487BC4AAAF /* Frameworks */ = {
			isa = PBXGroup;
			children = (
				F3F342AD226751A300A226C0 /* NotificationCenter.framework */,
				192FFC2A400F1A0E57C22E1D /* Pods_timer.framework */,
				08C6E86474A099E3080F5433 /* Pods_widget.framework */,
				57FF53C06D2C2D3BFB2E3F1F /* Pods_test.framework */,
			);
			name = Frameworks;
			sourceTree = "<group>";
		};
		9E62B3110E9BBEC9CDB57BB6 /* Pods */ = {
			isa = PBXGroup;
			children = (
				8DAA476B776A79A887A8BAB2 /* Pods-timer.debug.xcconfig */,
				E30573896E44ECFDC130A951 /* Pods-timer.release.xcconfig */,
				024E0A6DB88C102F5B7ADDBF /* Pods-widget.debug.xcconfig */,
				488658218883DE882F12C592 /* Pods-widget.release.xcconfig */,
				2B3400BA80561FC45BF0C4C9 /* Pods-test.debug.xcconfig */,
				CE6A02A59E76AD65231ABF66 /* Pods-test.release.xcconfig */,
			);
			path = Pods;
			sourceTree = "<group>";
		};
		F302608B22EC879600E3E431 /* Cell */ = {
			isa = PBXGroup;
			children = (
				F302608722EB674100E3E431 /* AlarmChangeTableViewCell.swift */,
			);
			path = Cell;
			sourceTree = "<group>";
		};
		F303F259225CC56800A11FAF /* Resources */ = {
			isa = PBXGroup;
			children = (
				F3D1F792225CB6C2006DC162 /* Assets.xcassets */,
				F303F25A225CC57B00A11FAF /* Fonts */,
				F3F800B3226A0C15003D1D88 /* Localizable.strings */,
			);
			path = Resources;
			sourceTree = "<group>";
		};
		F303F25A225CC57B00A11FAF /* Fonts */ = {
			isa = PBXGroup;
			children = (
				F3A1FAC9229308D900CB4814 /* NanumSquareB.ttf */,
				F3A1FACA229308D900CB4814 /* NanumSquareEB.ttf */,
				F3A1FAC8229308D900CB4814 /* NanumSquareL.ttf */,
				F3A1FAC7229308D900CB4814 /* NanumSquareR.ttf */,
			);
			path = Fonts;
			sourceTree = "<group>";
		};
		F309F96322E980E800C280A0 /* TimerOptionView */ = {
			isa = PBXGroup;
			children = (
				F399F6BD22E9937C00997E31 /* TimerOptionViewController.swift */,
				F309F97722E9883100C280A0 /* TimerOptionView.swift */,
				F309F97522E9883100C280A0 /* TimerOptionViewReactor.swift */,
				F309F97422E9883100C280A0 /* TimerOptionViewCoordinator.swift */,
				F3E0C09E22EA1519005D9FA4 /* AlarmChange */,
			);
			path = TimerOptionView;
			sourceTree = "<group>";
		};
		F33408FE22D0D8BC008661EC /* TimerBadgeView */ = {
			isa = PBXGroup;
			children = (
				F334090322D0D9B5008661EC /* Cell */,
				F33408FF22D0D8E2008661EC /* TimerBadgeCollectionView.swift */,
				F334090622D3A139008661EC /* TimerBadgeViewReactor.swift */,
			);
			path = TimerBadgeView;
			sourceTree = "<group>";
		};
		F334090322D0D9B5008661EC /* Cell */ = {
			isa = PBXGroup;
			children = (
				F334090422D3623F008661EC /* TimerBadgeAddCollectionViewCell.swift */,
				F3925ACB2281CA96005CE9DD /* TimerBadgeCollectionViewCell.swift */,
				F3C2E7B8228318C500C69FF2 /* TimerBadgeCellReactor.swift */,
			);
			path = Cell;
			sourceTree = "<group>";
		};
		F3735C9222CFA78100DC247C /* Support */ = {
			isa = PBXGroup;
			children = (
				F3D1F794225CB6C2006DC162 /* LaunchScreen.storyboard */,
				F3D1F797225CB6C2006DC162 /* Info.plist */,
			);
			path = Support;
			sourceTree = "<group>";
		};
		F3735C9322CFA7B500DC247C /* Module */ = {
			isa = PBXGroup;
			children = (
				F3D49922227F272600AC4B2B /* Common */,
				F3735C9522CFA81100DC247C /* App */,
				F3735C9622CFA82000DC247C /* Base */,
				F3735C9422CFA7EC00DC247C /* Root */,
				F3735C9722CFA83C00DC247C /* Intro */,
				F3735C9922CFA8C000DC247C /* Main */,
				F387AF2B22F181FA002ABDB6 /* TimeSetSave */,
				F38702B222F970D20099241C /* TimeSetDetail */,
				F3735C9C22CFAA8200DC247C /* Setting */,
				F3735C9D22CFAAA000DC247C /* AppInfo */,
			);
			path = Module;
			sourceTree = "<group>";
		};
		F3735C9422CFA7EC00DC247C /* Root */ = {
			isa = PBXGroup;
			children = (
				F303F266225CC9E900A11FAF /* RootViewController.swift */,
			);
			path = Root;
			sourceTree = "<group>";
		};
		F3735C9522CFA81100DC247C /* App */ = {
			isa = PBXGroup;
			children = (
				F3D1F78B225CB6C1006DC162 /* AppDelegate.swift */,
				F3D1F7A7225CC1CD006DC162 /* AppCoordinator.swift */,
			);
			path = App;
			sourceTree = "<group>";
		};
		F3735C9622CFA82000DC247C /* Base */ = {
			isa = PBXGroup;
			children = (
				F3D1F7B1225CC2A9006DC162 /* BaseViewController.swift */,
				F3C18755226306EC00B2C644 /* CoordinatorProtocol.swift */,
			);
			path = Base;
			sourceTree = "<group>";
		};
		F3735C9722CFA83C00DC247C /* Intro */ = {
			isa = PBXGroup;
			children = (
				F3D1F7AB225CC21A006DC162 /* IntroViewController.swift */,
				F3D1F7B3225CC2CC006DC162 /* IntroView.swift */,
				F3D1F7AD225CC22E006DC162 /* IntroViewCoordinator.swift */,
				F3D1F7AF225CC267006DC162 /* IntroViewReactor.swift */,
			);
			path = Intro;
			sourceTree = "<group>";
		};
		F3735C9822CFA88700DC247C /* Productivity */ = {
			isa = PBXGroup;
			children = (
				F303F27A225CCE1600A11FAF /* ProductivityViewController.swift */,
				F303F27C225CCE2400A11FAF /* ProductivityView.swift */,
				F303F27E225CCE7100A11FAF /* ProductivityViewReactor.swift */,
				F303F280225CCE9D00A11FAF /* ProductivityViewCoordinator.swift */,
			);
			path = Productivity;
			sourceTree = "<group>";
		};
		F3735C9922CFA8C000DC247C /* Main */ = {
			isa = PBXGroup;
			children = (
				F302609022EEB89600E3E431 /* TMTabBarItem.swift */,
				F302608E22EEAFC300E3E431 /* TMTabBar.swift */,
				F303F282225CD51400A11FAF /* MainViewController.swift */,
				F303F284225CD53A00A11FAF /* MainViewCoordinator.swift */,
				F3AEA72F228B1D7500D563E0 /* TabBarInteractor.swift */,
				F3AEA72C228B1A6300D563E0 /* TabBarAnimator.swift */,
				F3735C9822CFA88700DC247C /* Productivity */,
				F3735C9A22CFA98A00DC247C /* LocalTimeSet */,
				F3735C9B22CFA9BB00DC247C /* SharedTimeSet */,
			);
			path = Main;
			sourceTree = "<group>";
		};
		F3735C9A22CFA98A00DC247C /* LocalTimeSet */ = {
			isa = PBXGroup;
			children = (
				F303F26A225CCADB00A11FAF /* LocalTimeSetViewController.swift */,
				F303F26E225CCAF500A11FAF /* LocalTimeSetView.swift */,
				F303F26C225CCAE400A11FAF /* LocalTimeSetViewReactor.swift */,
				F303F270225CCB6A00A11FAF /* LocalTimeSetViewCoordinator.swift */,
			);
			path = LocalTimeSet;
			sourceTree = "<group>";
		};
		F3735C9B22CFA9BB00DC247C /* SharedTimeSet */ = {
			isa = PBXGroup;
			children = (
				F3F65D7322CFAC77009C667B /* SharedTimeSetViewController.swift */,
				F3F65D7722CFACE4009C667B /* SharedTimeSetView.swift */,
				F3F65D7522CFACA5009C667B /* SharedTimeSetViewReactor.swift */,
				F3F65D7922CFAD7E009C667B /* SharedTimeSetViewCoordinator.swift */,
			);
			path = SharedTimeSet;
			sourceTree = "<group>";
		};
		F3735C9C22CFAA8200DC247C /* Setting */ = {
			isa = PBXGroup;
			children = (
				F303F274225CCBA100A11FAF /* SettingViewController.swift */,
				F303F276225CCBA600A11FAF /* SettingView.swift */,
				F303F278225CCCE300A11FAF /* SettingViewReactor.swift */,
				F303F272225CCB7500A11FAF /* SettingViewCoordinator.swift */,
			);
			path = Setting;
			sourceTree = "<group>";
		};
		F3735C9D22CFAAA000DC247C /* AppInfo */ = {
			isa = PBXGroup;
			children = (
				F3C1874D226204DF00B2C644 /* AppInfoViewController.swift */,
				F3C187532262052300B2C644 /* AppInfoView.swift */,
				F3C1874F226204EB00B2C644 /* AppInfoViewReactor.swift */,
				F3C18751226204F700B2C644 /* AppInfoCoordinator.swift */,
			);
			path = AppInfo;
			sourceTree = "<group>";
		};
		F38702AD22F899720099241C /* HeaderView */ = {
			isa = PBXGroup;
			children = (
				F33C6AB32291612E00FC461A /* CommonHeader.swift */,
				F38702AE22F899C50099241C /* ConfirmHeader.swift */,
			);
			path = HeaderView;
			sourceTree = "<group>";
		};
		F38702B222F970D20099241C /* TimeSetDetail */ = {
			isa = PBXGroup;
			children = (
				F38702B622F970E80099241C /* TimeSetDetailView.swift */,
				F38702B522F970E80099241C /* TimeSetDetailViewController.swift */,
				F38702B422F970E80099241C /* TimeSetDetailViewReactor.swift */,
				F38702B322F970E80099241C /* TimeSetDetailViewCoordinator.swift */,
			);
			path = TimeSetDetail;
			sourceTree = "<group>";
		};
		F387AF2B22F181FA002ABDB6 /* TimeSetSave */ = {
			isa = PBXGroup;
			children = (
				F387AF2F22F18215002ABDB6 /* TimeSetSaveView.swift */,
				F387AF2E22F18215002ABDB6 /* TimeSetSaveViewController.swift */,
				F387AF2D22F18215002ABDB6 /* TimeSetSaveViewReactor.swift */,
				F387AF2C22F18215002ABDB6 /* TimeSetSaveViewCoordinator.swift */,
			);
			path = TimeSetSave;
			sourceTree = "<group>";
		};
		F389657522759BAA0043E177 /* test */ = {
			isa = PBXGroup;
			children = (
				F389657622759BAA0043E177 /* TimerSetServiceTest.swift */,
				F389657822759BAA0043E177 /* Info.plist */,
			);
			path = test;
			sourceTree = "<group>";
		};
		F3CD184422F6167B008DB221 /* FooterView */ = {
			isa = PBXGroup;
			children = (
				F3FBFFE622F420B6001E369E /* Footer.swift */,
				F3CD184522F61776008DB221 /* FooterButton.swift */,
			);
			path = FooterView;
			sourceTree = "<group>";
		};
		F3D1F77F225CB6C1006DC162 = {
			isa = PBXGroup;
			children = (
				F3E4383F227421FF00FA1246 /* timer.entitlements */,
				F3D1F78A225CB6C1006DC162 /* timer */,
				F3F342AF226751A300A226C0 /* widget */,
				F389657522759BAA0043E177 /* test */,
				F3D1F789225CB6C1006DC162 /* Products */,
				148CF5699B4175487BC4AAAF /* Frameworks */,
				9E62B3110E9BBEC9CDB57BB6 /* Pods */,
			);
			sourceTree = "<group>";
		};
		F3D1F789225CB6C1006DC162 /* Products */ = {
			isa = PBXGroup;
			children = (
				F3D1F788225CB6C1006DC162 /* timer.app */,
				F3F342AC226751A300A226C0 /* widget.appex */,
				F389657422759BAA0043E177 /* test.xctest */,
			);
			name = Products;
			sourceTree = "<group>";
		};
		F3D1F78A225CB6C1006DC162 /* timer */ = {
			isa = PBXGroup;
			children = (
				F3D1F7C0225CC3BE006DC162 /* Common */,
				F3D1F7B5225CC322006DC162 /* Extension */,
				F3D1F79D225CBC1D006DC162 /* Model */,
				F3735C9322CFA7B500DC247C /* Module */,
				F3735C9222CFA78100DC247C /* Support */,
				F303F259225CC56800A11FAF /* Resources */,
			);
			path = timer;
			sourceTree = "<group>";
		};
		F3D1F79D225CBC1D006DC162 /* Model */ = {
			isa = PBXGroup;
			children = (
				F3F65D7222CFAB7F009C667B /* Common */,
				F3D1F7A2225CBCDC006DC162 /* Service */,
				F3E4383D226E0FEB00FA1246 /* EventStreamModelProtocol.swift */,
				F37041C8226B65550012EA16 /* TimerInfo.swift */,
				F373CCD52265FA33007ECCA0 /* TMTimer.swift */,
				F37041CC226C35B80012EA16 /* TimeSetInfo.swift */,
				F37041CA226B81B00012EA16 /* TimeSet.swift */,
			);
			path = Model;
			sourceTree = "<group>";
		};
		F3D1F7A2225CBCDC006DC162 /* Service */ = {
			isa = PBXGroup;
			children = (
				F3D1F7A9225CC1E8006DC162 /* ServiceProvider.swift */,
				F3C18757226318DB00B2C644 /* AppService.swift */,
				F373CCD32265F995007ECCA0 /* TimeSetService.swift */,
			);
			path = Service;
			sourceTree = "<group>";
		};
		F3D1F7B5225CC322006DC162 /* Extension */ = {
			isa = PBXGroup;
			children = (
				F3D1F7B6225CC357006DC162 /* Primitive+adjust.swift */,
				F3D1F7B7225CC357006DC162 /* String+regex.swift */,
				F3F800B5226A0D0F003D1D88 /* String+localized.swift */,
				F3D1F7BA225CC357006DC162 /* UIColor+hex.swift */,
				F3D1F7B9225CC357006DC162 /* UIView+autolayout.swift */,
				F3D1F7B8225CC357006DC162 /* UIViewController+child.swift */,
				F352034F2280524300E05E2E /* UIViewController+rx.swift */,
				F33C6AB52291678300FC461A /* CALayer+border.swift */,
				F3E5C3512296E52000148139 /* UITabBar+height.swift */,
				F3282C9622F30D2200824F8A /* UITextField+rx.swift */,
			);
			path = Extension;
			sourceTree = "<group>";
		};
		F3D1F7C0225CC3BE006DC162 /* Common */ = {
			isa = PBXGroup;
			children = (
				F3D1F7C2225CC3D7006DC162 /* Constants.swift */,
				F3D1F7C3225CC3D7006DC162 /* Functions.swift */,
				F3D1F7C1225CC3D7006DC162 /* Logger.swift */,
			);
			path = Common;
			sourceTree = "<group>";
		};
		F3D49922227F272600AC4B2B /* Common */ = {
			isa = PBXGroup;
			children = (
				F309F96322E980E800C280A0 /* TimerOptionView */,
				F33408FE22D0D8BC008661EC /* TimerBadgeView */,
				F38702AD22F899720099241C /* HeaderView */,
				F3CD184422F6167B008DB221 /* FooterView */,
				F31CD7B822F7479F0038A2DE /* TimerInputView.swift */,
				F3D49923227F273E00AC4B2B /* KeyPad.swift */,
				F352034D227FCD0E00E05E2E /* CheckBox.swift */,
			);
			path = Common;
			sourceTree = "<group>";
		};
		F3E0C09E22EA1519005D9FA4 /* AlarmChange */ = {
			isa = PBXGroup;
			children = (
				F302608B22EC879600E3E431 /* Cell */,
				F3E0C09F22EA153B005D9FA4 /* AlarmChangeViewController.swift */,
				F302608C22EC87C300E3E431 /* AlarmChangeView.swift */,
				F302608922EC86F500E3E431 /* AlarmChangeViewReactor.swift */,
			);
			path = AlarmChange;
			sourceTree = "<group>";
		};
		F3F342AF226751A300A226C0 /* widget */ = {
			isa = PBXGroup;
			children = (
				F3E438402274220500FA1246 /* widget.entitlements */,
				F3F342B0226751A300A226C0 /* TodayViewController.swift */,
				F3F342BF2267552100A226C0 /* TodayView.swift */,
				F3F342B5226751A300A226C0 /* Info.plist */,
			);
			path = widget;
			sourceTree = "<group>";
		};
		F3F65D7222CFAB7F009C667B /* Common */ = {
			isa = PBXGroup;
			children = (
				F3C187492261E66F00B2C644 /* CommonTableItem.swift */,
				F3C1874B2261FB0900B2C644 /* CommonTableSeciton.swift */,
				F37AF0E522F8211800509F5F /* AlertBuilder.swift */,
			);
			path = Common;
			sourceTree = "<group>";
		};
/* End PBXGroup section */

/* Begin PBXNativeTarget section */
		F389657322759BAA0043E177 /* test */ = {
			isa = PBXNativeTarget;
			buildConfigurationList = F389657D22759BAA0043E177 /* Build configuration list for PBXNativeTarget "test" */;
			buildPhases = (
				19326EB449ADFCA9E157DDB6 /* [CP] Check Pods Manifest.lock */,
				F389657022759BAA0043E177 /* Sources */,
				F389657122759BAA0043E177 /* Frameworks */,
				F389657222759BAA0043E177 /* Resources */,
				3D7210F8668B0CF627501526 /* [CP] Embed Pods Frameworks */,
			);
			buildRules = (
			);
			dependencies = (
				F389657A22759BAA0043E177 /* PBXTargetDependency */,
			);
			name = test;
			productName = test;
			productReference = F389657422759BAA0043E177 /* test.xctest */;
			productType = "com.apple.product-type.bundle.unit-test";
		};
		F3D1F787225CB6C1006DC162 /* timer */ = {
			isa = PBXNativeTarget;
			buildConfigurationList = F3D1F79A225CB6C2006DC162 /* Build configuration list for PBXNativeTarget "timer" */;
			buildPhases = (
				024210F2B9A7A53A17AC5A62 /* [CP] Check Pods Manifest.lock */,
				F3D1F784225CB6C1006DC162 /* Sources */,
				F3D1F785225CB6C1006DC162 /* Frameworks */,
				F3D1F786225CB6C1006DC162 /* Resources */,
				F3D1F7A6225CBEA8006DC162 /* ShellScript */,
				F3F342BC226751A300A226C0 /* Embed App Extensions */,
				283C33AA16640F95B060C8BA /* [CP] Embed Pods Frameworks */,
			);
			buildRules = (
			);
			dependencies = (
				F3F342B7226751A300A226C0 /* PBXTargetDependency */,
			);
			name = timer;
			productName = "timerset-ios";
			productReference = F3D1F788225CB6C1006DC162 /* timer.app */;
			productType = "com.apple.product-type.application";
		};
		F3F342AB226751A300A226C0 /* widget */ = {
			isa = PBXNativeTarget;
			buildConfigurationList = F3F342BB226751A300A226C0 /* Build configuration list for PBXNativeTarget "widget" */;
			buildPhases = (
				F0BA87F911D063343B396E9A /* [CP] Check Pods Manifest.lock */,
				F3F342A8226751A300A226C0 /* Sources */,
				F3F342A9226751A300A226C0 /* Frameworks */,
				F3F342AA226751A300A226C0 /* Resources */,
			);
			buildRules = (
			);
			dependencies = (
			);
			name = widget;
			productName = widget;
			productReference = F3F342AC226751A300A226C0 /* widget.appex */;
			productType = "com.apple.product-type.app-extension";
		};
/* End PBXNativeTarget section */

/* Begin PBXProject section */
		F3D1F780225CB6C1006DC162 /* Project object */ = {
			isa = PBXProject;
			attributes = {
				LastSwiftUpdateCheck = 1020;
				LastUpgradeCheck = 1020;
				ORGANIZATIONNAME = "Jeong Jin Eun";
				TargetAttributes = {
					F389657322759BAA0043E177 = {
						CreatedOnToolsVersion = 10.2.1;
						TestTargetID = F3D1F787225CB6C1006DC162;
					};
					F3D1F787225CB6C1006DC162 = {
						CreatedOnToolsVersion = 10.2;
						SystemCapabilities = {
							com.apple.ApplicationGroups.iOS = {
								enabled = 1;
							};
						};
					};
					F3F342AB226751A300A226C0 = {
						CreatedOnToolsVersion = 10.2;
						SystemCapabilities = {
							com.apple.ApplicationGroups.iOS = {
								enabled = 1;
							};
						};
					};
				};
			};
			buildConfigurationList = F3D1F783225CB6C1006DC162 /* Build configuration list for PBXProject "timer" */;
			compatibilityVersion = "Xcode 9.3";
			developmentRegion = en;
			hasScannedForEncodings = 0;
			knownRegions = (
				en,
				Base,
				ko,
			);
			mainGroup = F3D1F77F225CB6C1006DC162;
			productRefGroup = F3D1F789225CB6C1006DC162 /* Products */;
			projectDirPath = "";
			projectRoot = "";
			targets = (
				F3D1F787225CB6C1006DC162 /* timer */,
				F3F342AB226751A300A226C0 /* widget */,
				F389657322759BAA0043E177 /* test */,
			);
		};
/* End PBXProject section */

/* Begin PBXResourcesBuildPhase section */
		F389657222759BAA0043E177 /* Resources */ = {
			isa = PBXResourcesBuildPhase;
			buildActionMask = 2147483647;
			files = (
			);
			runOnlyForDeploymentPostprocessing = 0;
		};
		F3D1F786225CB6C1006DC162 /* Resources */ = {
			isa = PBXResourcesBuildPhase;
			buildActionMask = 2147483647;
			files = (
				F3D1F796225CB6C2006DC162 /* LaunchScreen.storyboard in Resources */,
				F3A1FACB229308D900CB4814 /* NanumSquareR.ttf in Resources */,
				F3A1FACD229308D900CB4814 /* NanumSquareB.ttf in Resources */,
				F3A1FACE229308D900CB4814 /* NanumSquareEB.ttf in Resources */,
				F3F800B1226A0C15003D1D88 /* Localizable.strings in Resources */,
				F3A1FACC229308D900CB4814 /* NanumSquareL.ttf in Resources */,
				F3D1F793225CB6C2006DC162 /* Assets.xcassets in Resources */,
			);
			runOnlyForDeploymentPostprocessing = 0;
		};
		F3F342AA226751A300A226C0 /* Resources */ = {
			isa = PBXResourcesBuildPhase;
			buildActionMask = 2147483647;
			files = (
				F3F800B9226A107B003D1D88 /* Localizable.strings in Resources */,
			);
			runOnlyForDeploymentPostprocessing = 0;
		};
/* End PBXResourcesBuildPhase section */

/* Begin PBXShellScriptBuildPhase section */
		024210F2B9A7A53A17AC5A62 /* [CP] Check Pods Manifest.lock */ = {
			isa = PBXShellScriptBuildPhase;
			buildActionMask = 2147483647;
			files = (
			);
			inputFileListPaths = (
			);
			inputPaths = (
				"${PODS_PODFILE_DIR_PATH}/Podfile.lock",
				"${PODS_ROOT}/Manifest.lock",
			);
			name = "[CP] Check Pods Manifest.lock";
			outputFileListPaths = (
			);
			outputPaths = (
				"$(DERIVED_FILE_DIR)/Pods-timer-checkManifestLockResult.txt",
			);
			runOnlyForDeploymentPostprocessing = 0;
			shellPath = /bin/sh;
			shellScript = "diff \"${PODS_PODFILE_DIR_PATH}/Podfile.lock\" \"${PODS_ROOT}/Manifest.lock\" > /dev/null\nif [ $? != 0 ] ; then\n    # print error to STDERR\n    echo \"error: The sandbox is not in sync with the Podfile.lock. Run 'pod install' or update your CocoaPods installation.\" >&2\n    exit 1\nfi\n# This output is used by Xcode 'outputs' to avoid re-running this script phase.\necho \"SUCCESS\" > \"${SCRIPT_OUTPUT_FILE_0}\"\n";
			showEnvVarsInLog = 0;
		};
		19326EB449ADFCA9E157DDB6 /* [CP] Check Pods Manifest.lock */ = {
			isa = PBXShellScriptBuildPhase;
			buildActionMask = 2147483647;
			files = (
			);
			inputFileListPaths = (
			);
			inputPaths = (
				"${PODS_PODFILE_DIR_PATH}/Podfile.lock",
				"${PODS_ROOT}/Manifest.lock",
			);
			name = "[CP] Check Pods Manifest.lock";
			outputFileListPaths = (
			);
			outputPaths = (
				"$(DERIVED_FILE_DIR)/Pods-test-checkManifestLockResult.txt",
			);
			runOnlyForDeploymentPostprocessing = 0;
			shellPath = /bin/sh;
			shellScript = "diff \"${PODS_PODFILE_DIR_PATH}/Podfile.lock\" \"${PODS_ROOT}/Manifest.lock\" > /dev/null\nif [ $? != 0 ] ; then\n    # print error to STDERR\n    echo \"error: The sandbox is not in sync with the Podfile.lock. Run 'pod install' or update your CocoaPods installation.\" >&2\n    exit 1\nfi\n# This output is used by Xcode 'outputs' to avoid re-running this script phase.\necho \"SUCCESS\" > \"${SCRIPT_OUTPUT_FILE_0}\"\n";
			showEnvVarsInLog = 0;
		};
		283C33AA16640F95B060C8BA /* [CP] Embed Pods Frameworks */ = {
			isa = PBXShellScriptBuildPhase;
			buildActionMask = 2147483647;
			files = (
			);
			inputFileListPaths = (
				"${PODS_ROOT}/Target Support Files/Pods-timer/Pods-timer-frameworks-${CONFIGURATION}-input-files.xcfilelist",
			);
			name = "[CP] Embed Pods Frameworks";
			outputFileListPaths = (
				"${PODS_ROOT}/Target Support Files/Pods-timer/Pods-timer-frameworks-${CONFIGURATION}-output-files.xcfilelist",
			);
			runOnlyForDeploymentPostprocessing = 0;
			shellPath = /bin/sh;
			shellScript = "\"${PODS_ROOT}/Target Support Files/Pods-timer/Pods-timer-frameworks.sh\"\n";
			showEnvVarsInLog = 0;
		};
		3D7210F8668B0CF627501526 /* [CP] Embed Pods Frameworks */ = {
			isa = PBXShellScriptBuildPhase;
			buildActionMask = 2147483647;
			files = (
			);
			inputFileListPaths = (
				"${PODS_ROOT}/Target Support Files/Pods-test/Pods-test-frameworks-${CONFIGURATION}-input-files.xcfilelist",
			);
			name = "[CP] Embed Pods Frameworks";
			outputFileListPaths = (
				"${PODS_ROOT}/Target Support Files/Pods-test/Pods-test-frameworks-${CONFIGURATION}-output-files.xcfilelist",
			);
			runOnlyForDeploymentPostprocessing = 0;
			shellPath = /bin/sh;
			shellScript = "\"${PODS_ROOT}/Target Support Files/Pods-test/Pods-test-frameworks.sh\"\n";
			showEnvVarsInLog = 0;
		};
		F0BA87F911D063343B396E9A /* [CP] Check Pods Manifest.lock */ = {
			isa = PBXShellScriptBuildPhase;
			buildActionMask = 2147483647;
			files = (
			);
			inputFileListPaths = (
			);
			inputPaths = (
				"${PODS_PODFILE_DIR_PATH}/Podfile.lock",
				"${PODS_ROOT}/Manifest.lock",
			);
			name = "[CP] Check Pods Manifest.lock";
			outputFileListPaths = (
			);
			outputPaths = (
				"$(DERIVED_FILE_DIR)/Pods-widget-checkManifestLockResult.txt",
			);
			runOnlyForDeploymentPostprocessing = 0;
			shellPath = /bin/sh;
			shellScript = "diff \"${PODS_PODFILE_DIR_PATH}/Podfile.lock\" \"${PODS_ROOT}/Manifest.lock\" > /dev/null\nif [ $? != 0 ] ; then\n    # print error to STDERR\n    echo \"error: The sandbox is not in sync with the Podfile.lock. Run 'pod install' or update your CocoaPods installation.\" >&2\n    exit 1\nfi\n# This output is used by Xcode 'outputs' to avoid re-running this script phase.\necho \"SUCCESS\" > \"${SCRIPT_OUTPUT_FILE_0}\"\n";
			showEnvVarsInLog = 0;
		};
		F3D1F7A6225CBEA8006DC162 /* ShellScript */ = {
			isa = PBXShellScriptBuildPhase;
			buildActionMask = 2147483647;
			files = (
			);
			inputFileListPaths = (
			);
			inputPaths = (
			);
			outputFileListPaths = (
			);
			outputPaths = (
			);
			runOnlyForDeploymentPostprocessing = 0;
			shellPath = /bin/sh;
			shellScript = "# Type a script or drag a script file from your workspace to insert its path.\n${PODS_ROOT}/SwiftLint/swiftlint\n";
		};
/* End PBXShellScriptBuildPhase section */

/* Begin PBXSourcesBuildPhase section */
		F389657022759BAA0043E177 /* Sources */ = {
			isa = PBXSourcesBuildPhase;
			buildActionMask = 2147483647;
			files = (
				F389657722759BAA0043E177 /* TimerSetServiceTest.swift in Sources */,
			);
			runOnlyForDeploymentPostprocessing = 0;
		};
		F3D1F784225CB6C1006DC162 /* Sources */ = {
			isa = PBXSourcesBuildPhase;
			buildActionMask = 2147483647;
			files = (
				F3925ACC2281CA96005CE9DD /* TimerBadgeCollectionViewCell.swift in Sources */,
				F3AEA730228B1D7500D563E0 /* TabBarInteractor.swift in Sources */,
				F3D1F7BD225CC357006DC162 /* UIViewController+child.swift in Sources */,
				F303F273225CCB7500A11FAF /* SettingViewCoordinator.swift in Sources */,
				F3C2E7B9228318C500C69FF2 /* TimerBadgeCellReactor.swift in Sources */,
				F373CCD62265FA33007ECCA0 /* TMTimer.swift in Sources */,
				F387AF3222F18215002ABDB6 /* TimeSetSaveViewController.swift in Sources */,
				F3C18752226204F700B2C644 /* AppInfoCoordinator.swift in Sources */,
				F3E0C0A022EA153B005D9FA4 /* AlarmChangeViewController.swift in Sources */,
				F3F65D7422CFAC77009C667B /* SharedTimeSetViewController.swift in Sources */,
				F3C1874C2261FB0900B2C644 /* CommonTableSeciton.swift in Sources */,
				F33C6AB42291612E00FC461A /* CommonHeader.swift in Sources */,
				F303F279225CCCE300A11FAF /* SettingViewReactor.swift in Sources */,
				F303F267225CC9E900A11FAF /* RootViewController.swift in Sources */,
				F3AEA72D228B1A6300D563E0 /* TabBarAnimator.swift in Sources */,
				F399F6BE22E9937C00997E31 /* TimerOptionViewController.swift in Sources */,
				F3C18756226306EC00B2C644 /* CoordinatorProtocol.swift in Sources */,
				F373CCD42265F995007ECCA0 /* TimeSetService.swift in Sources */,
				F334090522D3623F008661EC /* TimerBadgeAddCollectionViewCell.swift in Sources */,
				F302608822EB674100E3E431 /* AlarmChangeTableViewCell.swift in Sources */,
				F309F97922E9883100C280A0 /* TimerOptionViewReactor.swift in Sources */,
				F3F800B6226A0D0F003D1D88 /* String+localized.swift in Sources */,
				F3D1F7BE225CC357006DC162 /* UIView+autolayout.swift in Sources */,
				F3D1F7AA225CC1E8006DC162 /* ServiceProvider.swift in Sources */,
				F387AF3122F18215002ABDB6 /* TimeSetSaveViewReactor.swift in Sources */,
				F3C18758226318DB00B2C644 /* AppService.swift in Sources */,
				F3F65D7A22CFAD7E009C667B /* SharedTimeSetViewCoordinator.swift in Sources */,
				F38702B922F970E80099241C /* TimeSetDetailViewController.swift in Sources */,
				F302608D22EC87C300E3E431 /* AlarmChangeView.swift in Sources */,
				F31CD7B922F7479F0038A2DE /* TimerInputView.swift in Sources */,
				F3D1F7C6225CC3D7006DC162 /* Functions.swift in Sources */,
				F303F277225CCBA600A11FAF /* SettingView.swift in Sources */,
				F3C1874E226204DF00B2C644 /* AppInfoViewController.swift in Sources */,
				F33C6AB62291678300FC461A /* CALayer+border.swift in Sources */,
				F387AF3322F18215002ABDB6 /* TimeSetSaveView.swift in Sources */,
				F352034E227FCD0E00E05E2E /* CheckBox.swift in Sources */,
				F3D1F7B4225CC2CC006DC162 /* IntroView.swift in Sources */,
				F303F26B225CCADB00A11FAF /* LocalTimeSetViewController.swift in Sources */,
				F303F271225CCB6A00A11FAF /* LocalTimeSetViewCoordinator.swift in Sources */,
				F3C18750226204EB00B2C644 /* AppInfoViewReactor.swift in Sources */,
				F303F27D225CCE2400A11FAF /* ProductivityView.swift in Sources */,
				F3D1F7A8225CC1CD006DC162 /* AppCoordinator.swift in Sources */,
				F303F281225CCE9D00A11FAF /* ProductivityViewCoordinator.swift in Sources */,
				F387AF3022F18215002ABDB6 /* TimeSetSaveViewCoordinator.swift in Sources */,
				F303F275225CCBA100A11FAF /* SettingViewController.swift in Sources */,
				F38702BA22F970E80099241C /* TimeSetDetailView.swift in Sources */,
				F3F800A7226A0981003D1D88 /* Constants.swift in Sources */,
				F3D1F7B0225CC267006DC162 /* IntroViewReactor.swift in Sources */,
				F303F283225CD51400A11FAF /* MainViewController.swift in Sources */,
				F3E5C3522296E52000148139 /* UITabBar+height.swift in Sources */,
				F302609122EEB89600E3E431 /* TMTabBarItem.swift in Sources */,
				F3F65D7622CFACA5009C667B /* SharedTimeSetViewReactor.swift in Sources */,
				F303F27F225CCE7100A11FAF /* ProductivityViewReactor.swift in Sources */,
				F3D1F78C225CB6C1006DC162 /* AppDelegate.swift in Sources */,
				F3C1874A2261E66F00B2C644 /* CommonTableItem.swift in Sources */,
				F303F26F225CCAF500A11FAF /* LocalTimeSetView.swift in Sources */,
				F3282C9722F30D2200824F8A /* UITextField+rx.swift in Sources */,
				F3FBFFE722F420B6001E369E /* Footer.swift in Sources */,
				F3D1F7AE225CC22E006DC162 /* IntroViewCoordinator.swift in Sources */,
				F303F26D225CCAE400A11FAF /* LocalTimeSetViewReactor.swift in Sources */,
				F3F65D7822CFACE4009C667B /* SharedTimeSetView.swift in Sources */,
				F3E4383E226E0FEB00FA1246 /* EventStreamModelProtocol.swift in Sources */,
				F38702AF22F899C50099241C /* ConfirmHeader.swift in Sources */,
				F309F97B22E9883100C280A0 /* TimerOptionView.swift in Sources */,
				F38702B722F970E80099241C /* TimeSetDetailViewCoordinator.swift in Sources */,
				F3D1F7BC225CC357006DC162 /* String+regex.swift in Sources */,
				F303F285225CD53A00A11FAF /* MainViewCoordinator.swift in Sources */,
				F334090022D0D8E2008661EC /* TimerBadgeCollectionView.swift in Sources */,
				F3D1F7B2225CC2A9006DC162 /* BaseViewController.swift in Sources */,
				F303F27B225CCE1600A11FAF /* ProductivityViewController.swift in Sources */,
				F3D49924227F273E00AC4B2B /* KeyPad.swift in Sources */,
				F334090722D3A139008661EC /* TimerBadgeViewReactor.swift in Sources */,
				F37041CB226B81B00012EA16 /* TimeSet.swift in Sources */,
				F37041C9226B65550012EA16 /* TimerInfo.swift in Sources */,
				F302608F22EEAFC300E3E431 /* TMTabBar.swift in Sources */,
				F3D1F7BB225CC357006DC162 /* Primitive+adjust.swift in Sources */,
				F37041CD226C35B80012EA16 /* TimeSetInfo.swift in Sources */,
				F3CD184622F61776008DB221 /* FooterButton.swift in Sources */,
				F309F97822E9883100C280A0 /* TimerOptionViewCoordinator.swift in Sources */,
				F3D1F7C4225CC3D7006DC162 /* Logger.swift in Sources */,
				F3C187542262052300B2C644 /* AppInfoView.swift in Sources */,
				F38702B822F970E80099241C /* TimeSetDetailViewReactor.swift in Sources */,
				F3D1F7AC225CC21A006DC162 /* IntroViewController.swift in Sources */,
				F302608A22EC86F500E3E431 /* AlarmChangeViewReactor.swift in Sources */,
				F3D1F7BF225CC357006DC162 /* UIColor+hex.swift in Sources */,
				F37AF0E622F8211800509F5F /* AlertBuilder.swift in Sources */,
				F35203502280524300E05E2E /* UIViewController+rx.swift in Sources */,
			);
			runOnlyForDeploymentPostprocessing = 0;
		};
		F3F342A8226751A300A226C0 /* Sources */ = {
			isa = PBXSourcesBuildPhase;
			buildActionMask = 2147483647;
			files = (
				F3F800BC226A2D19003D1D88 /* UIColor+hex.swift in Sources */,
				F3F342C02267552100A226C0 /* TodayView.swift in Sources */,
				F3F800BB226A2CFE003D1D88 /* Logger.swift in Sources */,
				F3F800BA226A1109003D1D88 /* Primitive+adjust.swift in Sources */,
				F3F800B7226A0D68003D1D88 /* String+localized.swift in Sources */,
				F3F800BD226A2D1B003D1D88 /* UIView+autolayout.swift in Sources */,
				F3F342B1226751A300A226C0 /* TodayViewController.swift in Sources */,
				F3F800B8226A0D79003D1D88 /* Constants.swift in Sources */,
			);
			runOnlyForDeploymentPostprocessing = 0;
		};
/* End PBXSourcesBuildPhase section */

/* Begin PBXTargetDependency section */
		F389657A22759BAA0043E177 /* PBXTargetDependency */ = {
			isa = PBXTargetDependency;
			target = F3D1F787225CB6C1006DC162 /* timer */;
			targetProxy = F389657922759BAA0043E177 /* PBXContainerItemProxy */;
		};
		F3F342B7226751A300A226C0 /* PBXTargetDependency */ = {
			isa = PBXTargetDependency;
			target = F3F342AB226751A300A226C0 /* widget */;
			targetProxy = F3F342B6226751A300A226C0 /* PBXContainerItemProxy */;
		};
/* End PBXTargetDependency section */

/* Begin PBXVariantGroup section */
		F3D1F794225CB6C2006DC162 /* LaunchScreen.storyboard */ = {
			isa = PBXVariantGroup;
			children = (
				F3D1F795225CB6C2006DC162 /* Base */,
			);
			name = LaunchScreen.storyboard;
			sourceTree = "<group>";
		};
		F3F800B3226A0C15003D1D88 /* Localizable.strings */ = {
			isa = PBXVariantGroup;
			children = (
				F3F800B2226A0C15003D1D88 /* en */,
				F3F800B4226A0C3F003D1D88 /* ko */,
			);
			name = Localizable.strings;
			sourceTree = "<group>";
		};
/* End PBXVariantGroup section */

/* Begin XCBuildConfiguration section */
		F389657B22759BAA0043E177 /* Debug */ = {
			isa = XCBuildConfiguration;
			baseConfigurationReference = 2B3400BA80561FC45BF0C4C9 /* Pods-test.debug.xcconfig */;
			buildSettings = {
				BUNDLE_LOADER = "$(TEST_HOST)";
				CODE_SIGN_STYLE = Automatic;
				DEVELOPMENT_TEAM = 6VSLC69397;
				INFOPLIST_FILE = test/Info.plist;
				IPHONEOS_DEPLOYMENT_TARGET = 12.2;
				LD_RUNPATH_SEARCH_PATHS = (
					"$(inherited)",
					"@executable_path/Frameworks",
					"@loader_path/Frameworks",
				);
				PRODUCT_BUNDLE_IDENTIFIER = jsilver.project.timer.test;
				PRODUCT_NAME = "$(TARGET_NAME)";
				SWIFT_VERSION = 5.0;
				TARGETED_DEVICE_FAMILY = "1,2";
				TEST_HOST = "$(BUILT_PRODUCTS_DIR)/timer.app/timer";
			};
			name = Debug;
		};
		F389657C22759BAA0043E177 /* Release */ = {
			isa = XCBuildConfiguration;
			baseConfigurationReference = CE6A02A59E76AD65231ABF66 /* Pods-test.release.xcconfig */;
			buildSettings = {
				BUNDLE_LOADER = "$(TEST_HOST)";
				CODE_SIGN_STYLE = Automatic;
				DEVELOPMENT_TEAM = 6VSLC69397;
				INFOPLIST_FILE = test/Info.plist;
				IPHONEOS_DEPLOYMENT_TARGET = 12.2;
				LD_RUNPATH_SEARCH_PATHS = (
					"$(inherited)",
					"@executable_path/Frameworks",
					"@loader_path/Frameworks",
				);
				PRODUCT_BUNDLE_IDENTIFIER = jsilver.project.timer.test;
				PRODUCT_NAME = "$(TARGET_NAME)";
				SWIFT_VERSION = 5.0;
				TARGETED_DEVICE_FAMILY = "1,2";
				TEST_HOST = "$(BUILT_PRODUCTS_DIR)/timer.app/timer";
			};
			name = Release;
		};
		F3D1F798225CB6C2006DC162 /* Debug */ = {
			isa = XCBuildConfiguration;
			buildSettings = {
				ALWAYS_SEARCH_USER_PATHS = NO;
				CLANG_ANALYZER_LOCALIZABILITY_NONLOCALIZED = YES;
				CLANG_ANALYZER_NONNULL = YES;
				CLANG_ANALYZER_NUMBER_OBJECT_CONVERSION = YES_AGGRESSIVE;
				CLANG_CXX_LANGUAGE_STANDARD = "gnu++14";
				CLANG_CXX_LIBRARY = "libc++";
				CLANG_ENABLE_MODULES = YES;
				CLANG_ENABLE_OBJC_ARC = YES;
				CLANG_ENABLE_OBJC_WEAK = YES;
				CLANG_WARN_BLOCK_CAPTURE_AUTORELEASING = YES;
				CLANG_WARN_BOOL_CONVERSION = YES;
				CLANG_WARN_COMMA = YES;
				CLANG_WARN_CONSTANT_CONVERSION = YES;
				CLANG_WARN_DEPRECATED_OBJC_IMPLEMENTATIONS = YES;
				CLANG_WARN_DIRECT_OBJC_ISA_USAGE = YES_ERROR;
				CLANG_WARN_DOCUMENTATION_COMMENTS = YES;
				CLANG_WARN_EMPTY_BODY = YES;
				CLANG_WARN_ENUM_CONVERSION = YES;
				CLANG_WARN_INFINITE_RECURSION = YES;
				CLANG_WARN_INT_CONVERSION = YES;
				CLANG_WARN_NON_LITERAL_NULL_CONVERSION = YES;
				CLANG_WARN_OBJC_IMPLICIT_RETAIN_SELF = YES;
				CLANG_WARN_OBJC_LITERAL_CONVERSION = YES;
				CLANG_WARN_OBJC_ROOT_CLASS = YES_ERROR;
				CLANG_WARN_RANGE_LOOP_ANALYSIS = YES;
				CLANG_WARN_STRICT_PROTOTYPES = YES;
				CLANG_WARN_SUSPICIOUS_MOVE = YES;
				CLANG_WARN_UNGUARDED_AVAILABILITY = YES_AGGRESSIVE;
				CLANG_WARN_UNREACHABLE_CODE = YES;
				CLANG_WARN__DUPLICATE_METHOD_MATCH = YES;
				CODE_SIGN_IDENTITY = "iPhone Developer";
				COPY_PHASE_STRIP = NO;
				DEBUG_INFORMATION_FORMAT = dwarf;
				ENABLE_STRICT_OBJC_MSGSEND = YES;
				ENABLE_TESTABILITY = YES;
				GCC_C_LANGUAGE_STANDARD = gnu11;
				GCC_DYNAMIC_NO_PIC = NO;
				GCC_NO_COMMON_BLOCKS = YES;
				GCC_OPTIMIZATION_LEVEL = 0;
				GCC_PREPROCESSOR_DEFINITIONS = (
					"DEBUG=1",
					"$(inherited)",
				);
				GCC_WARN_64_TO_32_BIT_CONVERSION = YES;
				GCC_WARN_ABOUT_RETURN_TYPE = YES_ERROR;
				GCC_WARN_UNDECLARED_SELECTOR = YES;
				GCC_WARN_UNINITIALIZED_AUTOS = YES_AGGRESSIVE;
				GCC_WARN_UNUSED_FUNCTION = YES;
				GCC_WARN_UNUSED_VARIABLE = YES;
				IPHONEOS_DEPLOYMENT_TARGET = 10.0;
				MTL_ENABLE_DEBUG_INFO = INCLUDE_SOURCE;
				MTL_FAST_MATH = YES;
				ONLY_ACTIVE_ARCH = YES;
				SDKROOT = iphoneos;
				SWIFT_ACTIVE_COMPILATION_CONDITIONS = DEBUG;
				SWIFT_OPTIMIZATION_LEVEL = "-Onone";
				SWIFT_VERSION = 5.0;
			};
			name = Debug;
		};
		F3D1F799225CB6C2006DC162 /* Release */ = {
			isa = XCBuildConfiguration;
			buildSettings = {
				ALWAYS_SEARCH_USER_PATHS = NO;
				CLANG_ANALYZER_LOCALIZABILITY_NONLOCALIZED = YES;
				CLANG_ANALYZER_NONNULL = YES;
				CLANG_ANALYZER_NUMBER_OBJECT_CONVERSION = YES_AGGRESSIVE;
				CLANG_CXX_LANGUAGE_STANDARD = "gnu++14";
				CLANG_CXX_LIBRARY = "libc++";
				CLANG_ENABLE_MODULES = YES;
				CLANG_ENABLE_OBJC_ARC = YES;
				CLANG_ENABLE_OBJC_WEAK = YES;
				CLANG_WARN_BLOCK_CAPTURE_AUTORELEASING = YES;
				CLANG_WARN_BOOL_CONVERSION = YES;
				CLANG_WARN_COMMA = YES;
				CLANG_WARN_CONSTANT_CONVERSION = YES;
				CLANG_WARN_DEPRECATED_OBJC_IMPLEMENTATIONS = YES;
				CLANG_WARN_DIRECT_OBJC_ISA_USAGE = YES_ERROR;
				CLANG_WARN_DOCUMENTATION_COMMENTS = YES;
				CLANG_WARN_EMPTY_BODY = YES;
				CLANG_WARN_ENUM_CONVERSION = YES;
				CLANG_WARN_INFINITE_RECURSION = YES;
				CLANG_WARN_INT_CONVERSION = YES;
				CLANG_WARN_NON_LITERAL_NULL_CONVERSION = YES;
				CLANG_WARN_OBJC_IMPLICIT_RETAIN_SELF = YES;
				CLANG_WARN_OBJC_LITERAL_CONVERSION = YES;
				CLANG_WARN_OBJC_ROOT_CLASS = YES_ERROR;
				CLANG_WARN_RANGE_LOOP_ANALYSIS = YES;
				CLANG_WARN_STRICT_PROTOTYPES = YES;
				CLANG_WARN_SUSPICIOUS_MOVE = YES;
				CLANG_WARN_UNGUARDED_AVAILABILITY = YES_AGGRESSIVE;
				CLANG_WARN_UNREACHABLE_CODE = YES;
				CLANG_WARN__DUPLICATE_METHOD_MATCH = YES;
				CODE_SIGN_IDENTITY = "iPhone Developer";
				COPY_PHASE_STRIP = NO;
				DEBUG_INFORMATION_FORMAT = "dwarf-with-dsym";
				ENABLE_NS_ASSERTIONS = NO;
				ENABLE_STRICT_OBJC_MSGSEND = YES;
				GCC_C_LANGUAGE_STANDARD = gnu11;
				GCC_NO_COMMON_BLOCKS = YES;
				GCC_WARN_64_TO_32_BIT_CONVERSION = YES;
				GCC_WARN_ABOUT_RETURN_TYPE = YES_ERROR;
				GCC_WARN_UNDECLARED_SELECTOR = YES;
				GCC_WARN_UNINITIALIZED_AUTOS = YES_AGGRESSIVE;
				GCC_WARN_UNUSED_FUNCTION = YES;
				GCC_WARN_UNUSED_VARIABLE = YES;
				IPHONEOS_DEPLOYMENT_TARGET = 10.0;
				MTL_ENABLE_DEBUG_INFO = NO;
				MTL_FAST_MATH = YES;
				SDKROOT = iphoneos;
				SWIFT_COMPILATION_MODE = wholemodule;
				SWIFT_OPTIMIZATION_LEVEL = "-O";
				SWIFT_VERSION = 5.0;
				VALIDATE_PRODUCT = YES;
			};
			name = Release;
		};
		F3D1F79B225CB6C2006DC162 /* Debug */ = {
			isa = XCBuildConfiguration;
			baseConfigurationReference = 8DAA476B776A79A887A8BAB2 /* Pods-timer.debug.xcconfig */;
			buildSettings = {
				ASSETCATALOG_COMPILER_APPICON_NAME = AppIcon;
				CODE_SIGN_ENTITLEMENTS = timer/timer.entitlements;
				CODE_SIGN_IDENTITY = "iPhone Developer";
				CODE_SIGN_STYLE = Manual;
				DEVELOPMENT_TEAM = 6VSLC69397;
				FRAMEWORK_SEARCH_PATHS = (
					"$(inherited)",
					"$(PROJECT_DIR)/timer/Frameworks",
				);
				INFOPLIST_FILE = "$(SRCROOT)/timer/Support/Info.plist";
				LD_RUNPATH_SEARCH_PATHS = (
					"$(inherited)",
					"@executable_path/Frameworks",
				);
				PRODUCT_BUNDLE_IDENTIFIER = jsilver.project.timer;
				PRODUCT_NAME = "$(TARGET_NAME)";
				PROVISIONING_PROFILE_SPECIFIER = jsilver.project.timer;
				SWIFT_VERSION = 5.0;
				TARGETED_DEVICE_FAMILY = "1,2";
			};
			name = Debug;
		};
		F3D1F79C225CB6C2006DC162 /* Release */ = {
			isa = XCBuildConfiguration;
			baseConfigurationReference = E30573896E44ECFDC130A951 /* Pods-timer.release.xcconfig */;
			buildSettings = {
				ASSETCATALOG_COMPILER_APPICON_NAME = AppIcon;
				CODE_SIGN_ENTITLEMENTS = timer/timer.entitlements;
				CODE_SIGN_IDENTITY = "iPhone Developer";
				CODE_SIGN_STYLE = Manual;
				DEVELOPMENT_TEAM = 6VSLC69397;
				FRAMEWORK_SEARCH_PATHS = (
					"$(inherited)",
					"$(PROJECT_DIR)/timer/Frameworks",
				);
				INFOPLIST_FILE = "$(SRCROOT)/timer/Support/Info.plist";
				LD_RUNPATH_SEARCH_PATHS = (
					"$(inherited)",
					"@executable_path/Frameworks",
				);
				PRODUCT_BUNDLE_IDENTIFIER = jsilver.project.timer;
				PRODUCT_NAME = "$(TARGET_NAME)";
				PROVISIONING_PROFILE_SPECIFIER = jsilver.project.timer;
				SWIFT_VERSION = 5.0;
				TARGETED_DEVICE_FAMILY = "1,2";
			};
			name = Release;
		};
		F3F342B9226751A300A226C0 /* Debug */ = {
			isa = XCBuildConfiguration;
			baseConfigurationReference = 024E0A6DB88C102F5B7ADDBF /* Pods-widget.debug.xcconfig */;
			buildSettings = {
				CODE_SIGN_ENTITLEMENTS = widget/widget.entitlements;
				CODE_SIGN_IDENTITY = "iPhone Developer";
				CODE_SIGN_STYLE = Manual;
				DEVELOPMENT_TEAM = 6VSLC69397;
				INFOPLIST_FILE = widget/Info.plist;
				IPHONEOS_DEPLOYMENT_TARGET = 10.0;
				LD_RUNPATH_SEARCH_PATHS = (
					"$(inherited)",
					"@executable_path/Frameworks",
					"@executable_path/../../Frameworks",
				);
				PRODUCT_BUNDLE_IDENTIFIER = jsilver.project.timer.widget;
				PRODUCT_NAME = "$(TARGET_NAME)";
				PROVISIONING_PROFILE_SPECIFIER = jsilver.project.timer.widget;
				SKIP_INSTALL = YES;
				SWIFT_VERSION = 5.0;
				TARGETED_DEVICE_FAMILY = "1,2";
			};
			name = Debug;
		};
		F3F342BA226751A300A226C0 /* Release */ = {
			isa = XCBuildConfiguration;
			baseConfigurationReference = 488658218883DE882F12C592 /* Pods-widget.release.xcconfig */;
			buildSettings = {
				CODE_SIGN_ENTITLEMENTS = widget/widget.entitlements;
				CODE_SIGN_IDENTITY = "iPhone Developer";
				CODE_SIGN_STYLE = Manual;
				DEVELOPMENT_TEAM = 6VSLC69397;
				INFOPLIST_FILE = widget/Info.plist;
				IPHONEOS_DEPLOYMENT_TARGET = 10.0;
				LD_RUNPATH_SEARCH_PATHS = (
					"$(inherited)",
					"@executable_path/Frameworks",
					"@executable_path/../../Frameworks",
				);
				PRODUCT_BUNDLE_IDENTIFIER = jsilver.project.timer.widget;
				PRODUCT_NAME = "$(TARGET_NAME)";
				PROVISIONING_PROFILE_SPECIFIER = jsilver.project.timer.widget;
				SKIP_INSTALL = YES;
				SWIFT_VERSION = 5.0;
				TARGETED_DEVICE_FAMILY = "1,2";
			};
			name = Release;
		};
/* End XCBuildConfiguration section */

/* Begin XCConfigurationList section */
		F389657D22759BAA0043E177 /* Build configuration list for PBXNativeTarget "test" */ = {
			isa = XCConfigurationList;
			buildConfigurations = (
				F389657B22759BAA0043E177 /* Debug */,
				F389657C22759BAA0043E177 /* Release */,
			);
			defaultConfigurationIsVisible = 0;
			defaultConfigurationName = Release;
		};
		F3D1F783225CB6C1006DC162 /* Build configuration list for PBXProject "timer" */ = {
			isa = XCConfigurationList;
			buildConfigurations = (
				F3D1F798225CB6C2006DC162 /* Debug */,
				F3D1F799225CB6C2006DC162 /* Release */,
			);
			defaultConfigurationIsVisible = 0;
			defaultConfigurationName = Release;
		};
		F3D1F79A225CB6C2006DC162 /* Build configuration list for PBXNativeTarget "timer" */ = {
			isa = XCConfigurationList;
			buildConfigurations = (
				F3D1F79B225CB6C2006DC162 /* Debug */,
				F3D1F79C225CB6C2006DC162 /* Release */,
			);
			defaultConfigurationIsVisible = 0;
			defaultConfigurationName = Release;
		};
		F3F342BB226751A300A226C0 /* Build configuration list for PBXNativeTarget "widget" */ = {
			isa = XCConfigurationList;
			buildConfigurations = (
				F3F342B9226751A300A226C0 /* Debug */,
				F3F342BA226751A300A226C0 /* Release */,
			);
			defaultConfigurationIsVisible = 0;
			defaultConfigurationName = Release;
		};
/* End XCConfigurationList section */
	};
	rootObject = F3D1F780225CB6C1006DC162 /* Project object */;
}
