PODS:
  - Alamofire (4.8.2)
  - Differentiator (3.1.0)
  - ReactorKit (1.2.1):
    - RxSwift (>= 4.0.0)
  - RxCocoa (4.5.0):
    - RxSwift (>= 4.4.2, ~> 4.4)
  - RxDataSources (3.1.0):
    - Differentiator (~> 3.0)
    - RxCocoa (~> 4.0)
    - RxSwift (~> 4.0)
  - RxSwift (4.5.0)
  - RxTest (4.5.0):
    - RxSwift (>= 4.4.2, ~> 4.4)
  - SnapKit (4.0.1)
  - SwiftLint (0.31.0)
  - SwiftyBeaver (1.7.0)

DEPENDENCIES:
  - Alamofire
  - ReactorKit
  - RxCocoa (~> 4.0)
  - RxDataSources (~> 3.0)
  - RxSwift (~> 4.0)
  - RxTest (~> 4.0)
  - SnapKit (~> 4.0.0)
  - SwiftLint
  - SwiftyBeaver

SPEC REPOS:
  https://github.com/cocoapods/specs.git:
    - Alamofire
    - Differentiator
    - ReactorKit
    - RxCocoa
    - RxDataSources
    - RxSwift
    - RxTest
    - SnapKit
    - SwiftLint
    - SwiftyBeaver

SPEC CHECKSUMS:
  Alamofire: ae5c501addb7afdbb13687d7f2f722c78734c2d3
  Differentiator: be49ca3408f0ecfc761e4c7763d20c62be01b9ad
  ReactorKit: 8be57f0527ad1ac2963cd5c338274a46a01e57a3
  RxCocoa: cbf70265dc65a981d4ac982e513c10cf23df24a0
  RxDataSources: a843bad90c29817f5923ec8163f4af2de084ceb3
  RxSwift: f172070dfd1a93d70a9ab97a5a01166206e1c575
  RxTest: 3ccb66bfbace0bf7df1c43a7c75d046f8ce60372
  SnapKit: 0de968a9fec17499afa29683b05d0c775b6d1c29
  SwiftLint: 7a0227733d786395817373b2d0ca799fd0093ff3
  SwiftyBeaver: 4cc0080d2e23f980652e28978db11a5c9da39165

PODFILE CHECKSUM: efc477f1890201792cfc382d1afcb87a6b45f851

COCOAPODS: 1.7.4
